# THIS IS AN AUTOGENERATED FILE. DO NOT EDIT THIS FILE DIRECTLY.
# yarn lockfile v1


"@adraffy/ens-normalize@^1.8.8":
  version "1.11.0"
  resolved "https://registry.yarnpkg.com/@adraffy/ens-normalize/-/ens-normalize-1.11.0.tgz#42cc67c5baa407ac25059fcd7d405cc5ecdb0c33"
  integrity sha512-/3DDPKHqqIqxUULp8yP4zODUY1i+2xvVWsv8A79xGWdCAG+8sb0hRh0Rk2QyOJUnnbyPUAZYcpBuRe3nS2OIUg==

"@ethereumjs/rlp@^4.0.1":
  version "4.0.1"
  resolved "https://registry.yarnpkg.com/@ethereumjs/rlp/-/rlp-4.0.1.tgz#626fabfd9081baab3d0a3074b0c7ecaf674aaa41"
  integrity sha512-tqsQiBQDQdmPWE1xkkBq4rlSW5QZpLOUJ5RJh2/9fug+q9tnUhuZoVLk7s0scUIKTOzEtR72DFBXI4WiZcMpvw==

"@ethereumjs/rlp@^5.0.2":
  version "5.0.2"
  resolved "https://registry.yarnpkg.com/@ethereumjs/rlp/-/rlp-5.0.2.tgz#c89bd82f2f3bec248ab2d517ae25f5bbc4aac842"
  integrity sha512-DziebCdg4JpGlEqEdGgXmjqcFoJi+JGulUXwEjsZGAscAQ7MyD/7LE/GVCP29vEQxKc7AAwjT3A2ywHp2xfoCA==

"@noble/curves@1.4.2", "@noble/curves@~1.4.0":
  version "1.4.2"
  resolved "https://registry.yarnpkg.com/@noble/curves/-/curves-1.4.2.tgz#40309198c76ed71bc6dbf7ba24e81ceb4d0d1fe9"
  integrity sha512-TavHr8qycMChk8UwMld0ZDRvatedkzWfH8IiaeGCfymOP5i0hSCozz9vHOL0nkwk7HRMlFnAiKpS2jrUmSybcw==
  dependencies:
    "@noble/hashes" "1.4.0"

"@noble/hashes@1.4.0", "@noble/hashes@~1.4.0":
  version "1.4.0"
  resolved "https://registry.yarnpkg.com/@noble/hashes/-/hashes-1.4.0.tgz#45814aa329f30e4fe0ba49426f49dfccdd066426"
  integrity sha512-V1JJ1WTRUqHHrOSh597hURcMqVKVGL/ea3kv0gSnEdsEZ0/+VyPghM1lMNGc00z7CIQorSvbKpuJkxvuHbvdbg==

"@scure/base@~1.1.6":
  version "1.1.9"
  resolved "https://registry.yarnpkg.com/@scure/base/-/base-1.1.9.tgz#e5e142fbbfe251091f9c5f1dd4c834ac04c3dbd1"
  integrity sha512-8YKhl8GHiNI/pU2VMaofa2Tor7PJRAjwQLBBuilkJ9L5+13yVbC7JO/wS7piioAvPSwR3JKM1IJ/u4xQzbcXKg==

"@scure/bip32@1.4.0":
  version "1.4.0"
  resolved "https://registry.yarnpkg.com/@scure/bip32/-/bip32-1.4.0.tgz#4e1f1e196abedcef395b33b9674a042524e20d67"
  integrity sha512-sVUpc0Vq3tXCkDGYVWGIZTRfnvu8LoTDaev7vbwh0omSvVORONr960MQWdKqJDCReIEmTj3PAr73O3aoxz7OPg==
  dependencies:
    "@noble/curves" "~1.4.0"
    "@noble/hashes" "~1.4.0"
    "@scure/base" "~1.1.6"

"@scure/bip39@1.3.0":
  version "1.3.0"
  resolved "https://registry.yarnpkg.com/@scure/bip39/-/bip39-1.3.0.tgz#0f258c16823ddd00739461ac31398b4e7d6a18c3"
  integrity sha512-disdg7gHuTDZtY+ZdkmLpPCk7fxZSu3gBiEGuoC1XYxv9cGx3Z6cpTggCgW6odSOOIXCiDjuGejW+aJKCY/pIQ==
  dependencies:
    "@noble/hashes" "~1.4.0"
    "@scure/base" "~1.1.6"

"@solana/accounts@2.0.0":
  version "2.0.0"
  resolved "https://registry.yarnpkg.com/@solana/accounts/-/accounts-2.0.0.tgz#4d5806079a69d1a15bc85eb4072913cf848ae8f7"
  integrity sha512-1CE4P3QSDH5x+ZtSthMY2mn/ekROBnlT3/4f3CHDJicDvLQsgAq2yCvGHsYkK3ZA0mxhFLuhJVjuKASPnmG1rQ==
  dependencies:
    "@solana/addresses" "2.0.0"
    "@solana/codecs-core" "2.0.0"
    "@solana/codecs-strings" "2.0.0"
    "@solana/errors" "2.0.0"
    "@solana/rpc-spec" "2.0.0"
    "@solana/rpc-types" "2.0.0"

"@solana/addresses@2.0.0":
  version "2.0.0"
  resolved "https://registry.yarnpkg.com/@solana/addresses/-/addresses-2.0.0.tgz#d1b01a38e0b48d7e4fea223821655a0c2b903c28"
  integrity sha512-8n3c/mUlH1/z+pM8e7OJ6uDSXw26Be0dgYiokiqblO66DGQ0d+7pqFUFZ5pEGjJ9PU2lDTSfY8rHf4cemOqwzQ==
  dependencies:
    "@solana/assertions" "2.0.0"
    "@solana/codecs-core" "2.0.0"
    "@solana/codecs-strings" "2.0.0"
    "@solana/errors" "2.0.0"

"@solana/assertions@2.0.0":
  version "2.0.0"
  resolved "https://registry.yarnpkg.com/@solana/assertions/-/assertions-2.0.0.tgz#b02fc874a890f252c4595a0e35deeb1719d5f02b"
  integrity sha512-NyPPqZRNGXs/GAjfgsw7YS6vCTXWt4ibXveS+ciy5sdmp/0v3pA6DlzYjleF9Sljrew0IiON15rjaXamhDxYfQ==
  dependencies:
    "@solana/errors" "2.0.0"

"@solana/codecs-core@2.0.0":
  version "2.0.0"
  resolved "https://registry.yarnpkg.com/@solana/codecs-core/-/codecs-core-2.0.0.tgz#31d4a6acce9ac49f786939c4e564adf9a68c56ef"
  integrity sha512-qCG+3hDU5Pm8V6joJjR4j4Zv9md1z0RaecniNDIkEglnxmOUODnmPLWbtOjnDylfItyuZeDihK8hkewdj8cUtw==
  dependencies:
    "@solana/errors" "2.0.0"

"@solana/codecs-data-structures@2.0.0":
  version "2.0.0"
  resolved "https://registry.yarnpkg.com/@solana/codecs-data-structures/-/codecs-data-structures-2.0.0.tgz#0a06b8646634dcf44a7b1d968fe8d9218c3cb745"
  integrity sha512-N98Y4jsrC/XeOgqrfsGqcOFIaOoMsKdAxOmy5oqVaEN67YoGSLNC9ROnqamOAOrsZdicTWx9/YLKFmQi9DPh1A==
  dependencies:
    "@solana/codecs-core" "2.0.0"
    "@solana/codecs-numbers" "2.0.0"
    "@solana/errors" "2.0.0"

"@solana/codecs-numbers@2.0.0":
  version "2.0.0"
  resolved "https://registry.yarnpkg.com/@solana/codecs-numbers/-/codecs-numbers-2.0.0.tgz#c08250968fa1cbfab076367b650269271061c646"
  integrity sha512-r66i7VzJO1MZkQWZIAI6jjJOFVpnq0+FIabo2Z2ZDtrArFus/SbSEv543yCLeD2tdR/G/p+1+P5On10qF50Y1Q==
  dependencies:
    "@solana/codecs-core" "2.0.0"
    "@solana/errors" "2.0.0"

"@solana/codecs-strings@2.0.0":
  version "2.0.0"
  resolved "https://registry.yarnpkg.com/@solana/codecs-strings/-/codecs-strings-2.0.0.tgz#46e728adee9a4737c3ee811af452948aab31cbd4"
  integrity sha512-dNqeCypsvaHcjW86H0gYgAZGGkKVBeKVeh7WXlOZ9kno7PeQ2wNkpccyzDfuzaIsKv+HZUD3v/eo86GCvnKazQ==
  dependencies:
    "@solana/codecs-core" "2.0.0"
    "@solana/codecs-numbers" "2.0.0"
    "@solana/errors" "2.0.0"

"@solana/codecs@2.0.0":
  version "2.0.0"
  resolved "https://registry.yarnpkg.com/@solana/codecs/-/codecs-2.0.0.tgz#2a3f272932eebad5b8592e6263b068c7d0761e7f"
  integrity sha512-xneIG5ppE6WIGaZCK7JTys0uLhzlnEJUdBO8nRVIyerwH6aqCfb0fGe7q5WNNYAVDRSxC0Pc1TDe1hpdx3KWmQ==
  dependencies:
    "@solana/codecs-core" "2.0.0"
    "@solana/codecs-data-structures" "2.0.0"
    "@solana/codecs-numbers" "2.0.0"
    "@solana/codecs-strings" "2.0.0"
    "@solana/options" "2.0.0"

"@solana/errors@2.0.0":
  version "2.0.0"
  resolved "https://registry.yarnpkg.com/@solana/errors/-/errors-2.0.0.tgz#31c87baaf4b19aaa2a1d8bbc4dfa6efd449d7bbe"
  integrity sha512-IHlaPFSy4lvYco1oHJ3X8DbchWwAwJaL/4wZKnF1ugwZ0g0re8wbABrqNOe/jyZ84VU9Z14PYM8W9oDAebdJbw==
  dependencies:
    chalk "^5.3.0"
    commander "^12.1.0"

"@solana/fast-stable-stringify@2.0.0":
  version "2.0.0"
  resolved "https://registry.yarnpkg.com/@solana/fast-stable-stringify/-/fast-stable-stringify-2.0.0.tgz#ac06b304ee3e050c171bcbe885e91772e22e06fb"
  integrity sha512-EsIx9z+eoxOmC+FpzhEb+H67CCYTbs/omAqXD4EdEYnCHWrI1li1oYBV+NoKzfx8fKlX+nzNB7S/9kc4u7Etpw==

"@solana/functional@2.0.0":
  version "2.0.0"
  resolved "https://registry.yarnpkg.com/@solana/functional/-/functional-2.0.0.tgz#6e2468cc2ec334ee3c39609130520b3a5c8f9bc0"
  integrity sha512-Sj+sLiUTimnMEyGnSLGt0lbih2xPDUhxhonnrIkPwA+hjQ3ULGHAxeevHU06nqiVEgENQYUJ5rCtHs4xhUFAkQ==

"@solana/instructions@2.0.0":
  version "2.0.0"
  resolved "https://registry.yarnpkg.com/@solana/instructions/-/instructions-2.0.0.tgz#4062a2211b376dc2a9cc5a25ad50f1de0ea44e5b"
  integrity sha512-MiTEiNF7Pzp+Y+x4yadl2VUcNHboaW5WP52psBuhHns3GpbbruRv5efMpM9OEQNe1OsN+Eg39vjEidX55+P+DQ==
  dependencies:
    "@solana/errors" "2.0.0"

"@solana/keys@2.0.0":
  version "2.0.0"
  resolved "https://registry.yarnpkg.com/@solana/keys/-/keys-2.0.0.tgz#b4b31815265a003b8840028979e83e1b723ee02c"
  integrity sha512-SSLSX8BXRvfLKBqsmBghmlhMKpwHeWd5CHi5zXgTS1BRrtiU6lcrTVC9ie6B+WaNNq7oe3e6K5bdbhu3fFZ+0g==
  dependencies:
    "@solana/assertions" "2.0.0"
    "@solana/codecs-core" "2.0.0"
    "@solana/codecs-strings" "2.0.0"
    "@solana/errors" "2.0.0"

"@solana/options@2.0.0":
  version "2.0.0"
  resolved "https://registry.yarnpkg.com/@solana/options/-/options-2.0.0.tgz#0dbbecd8511c1e600cad8615a836c6e06c3191d5"
  integrity sha512-OVc4KnYosB8oAukQ/htgrxXSxlUP6gUu5Aau6d/BgEkPQzWd/Pr+w91VWw3i3zZuu2SGpedbyh05RoJBe/hSXA==
  dependencies:
    "@solana/codecs-core" "2.0.0"
    "@solana/codecs-data-structures" "2.0.0"
    "@solana/codecs-numbers" "2.0.0"
    "@solana/codecs-strings" "2.0.0"
    "@solana/errors" "2.0.0"

"@solana/programs@2.0.0":
  version "2.0.0"
  resolved "https://registry.yarnpkg.com/@solana/programs/-/programs-2.0.0.tgz#1c0fa1c98a8cf6fab3ac722fe768e110057eeaf9"
  integrity sha512-JPIKB61pWfODnsvEAaPALc6vR5rn7kmHLpFaviWhBtfUlEVgB8yVTR0MURe4+z+fJCPRV5wWss+svA4EeGDYzQ==
  dependencies:
    "@solana/addresses" "2.0.0"
    "@solana/errors" "2.0.0"

"@solana/promises@2.0.0":
  version "2.0.0"
  resolved "https://registry.yarnpkg.com/@solana/promises/-/promises-2.0.0.tgz#81c8ee7c706ea4c46892022666da51bb9da921ef"
  integrity sha512-4teQ52HDjK16ORrZe1zl+Q9WcZdQ+YEl0M1gk59XG7D0P9WqaVEQzeXGnKSCs+Y9bnB1u5xCJccwpUhHYWq6gg==

"@solana/rpc-api@2.0.0":
  version "2.0.0"
  resolved "https://registry.yarnpkg.com/@solana/rpc-api/-/rpc-api-2.0.0.tgz#84ab27beb3ec7416bc1aa263281a582060953450"
  integrity sha512-1FwitYxwADMF/6zKP2kNXg8ESxB6GhNBNW1c4f5dEmuXuBbeD/enLV3WMrpg8zJkIaaYarEFNbt7R7HyFzmURQ==
  dependencies:
    "@solana/addresses" "2.0.0"
    "@solana/codecs-core" "2.0.0"
    "@solana/codecs-strings" "2.0.0"
    "@solana/errors" "2.0.0"
    "@solana/keys" "2.0.0"
    "@solana/rpc-parsed-types" "2.0.0"
    "@solana/rpc-spec" "2.0.0"
    "@solana/rpc-transformers" "2.0.0"
    "@solana/rpc-types" "2.0.0"
    "@solana/transaction-messages" "2.0.0"
    "@solana/transactions" "2.0.0"

"@solana/rpc-parsed-types@2.0.0":
  version "2.0.0"
  resolved "https://registry.yarnpkg.com/@solana/rpc-parsed-types/-/rpc-parsed-types-2.0.0.tgz#b83840981ce816142681d4f091a314300d4b10ab"
  integrity sha512-VCeY/oKVEtBnp8EDOc5LSSiOeIOLFIgLndcxqU0ij/cZaQ01DOoHbhluvhZtU80Z3dUeicec8TiMgkFzed+WhQ==

"@solana/rpc-spec-types@2.0.0":
  version "2.0.0"
  resolved "https://registry.yarnpkg.com/@solana/rpc-spec-types/-/rpc-spec-types-2.0.0.tgz#49e46188f77aeeda0cf6f0e40117e2ba4a35cc14"
  integrity sha512-G2lmhFhgtxMQd/D6B04BHGE7bm5dMZdIPQNOqVGhzNAVjrmyapD3JN2hKAbmaYPe97wLfZERw0Ux1u4Y6q7TqA==

"@solana/rpc-spec@2.0.0":
  version "2.0.0"
  resolved "https://registry.yarnpkg.com/@solana/rpc-spec/-/rpc-spec-2.0.0.tgz#d0cbacd1c1dcb1a98d240488afd1e63878e7b17b"
  integrity sha512-1uIDzj7vocCUqfOifjv1zAuxQ53ugiup/42edVFoQLOnJresoEZLL6WjnsJq4oCTccEAvGhUBI1WWKeZTGNxFQ==
  dependencies:
    "@solana/errors" "2.0.0"
    "@solana/rpc-spec-types" "2.0.0"

"@solana/rpc-subscriptions-api@2.0.0":
  version "2.0.0"
  resolved "https://registry.yarnpkg.com/@solana/rpc-subscriptions-api/-/rpc-subscriptions-api-2.0.0.tgz#bd2e8ce566e9bf530d678ea4733472e1da5890af"
  integrity sha512-NAJQvSFXYIIf8zxsMFBCkSbZNZgT32pzPZ1V6ZAd+U2iDEjx3L+yFwoJgfOcHp8kAV+alsF2lIsGBlG4u+ehvw==
  dependencies:
    "@solana/addresses" "2.0.0"
    "@solana/keys" "2.0.0"
    "@solana/rpc-subscriptions-spec" "2.0.0"
    "@solana/rpc-transformers" "2.0.0"
    "@solana/rpc-types" "2.0.0"
    "@solana/transaction-messages" "2.0.0"
    "@solana/transactions" "2.0.0"

"@solana/rpc-subscriptions-channel-websocket@2.0.0":
  version "2.0.0"
  resolved "https://registry.yarnpkg.com/@solana/rpc-subscriptions-channel-websocket/-/rpc-subscriptions-channel-websocket-2.0.0.tgz#7bff107b03cafe7ead1cf3801d9ed8078a01217c"
  integrity sha512-hSQDZBmcp2t+gLZsSBqs/SqVw4RuNSC7njiP46azyzW7oGg8X2YPV36AHGsHD12KPsc0UpT1OAZ4+AN9meVKww==
  dependencies:
    "@solana/errors" "2.0.0"
    "@solana/functional" "2.0.0"
    "@solana/rpc-subscriptions-spec" "2.0.0"
    "@solana/subscribable" "2.0.0"

"@solana/rpc-subscriptions-spec@2.0.0":
  version "2.0.0"
  resolved "https://registry.yarnpkg.com/@solana/rpc-subscriptions-spec/-/rpc-subscriptions-spec-2.0.0.tgz#b476b449d917134476001c22c54fbeb69bfae4cb"
  integrity sha512-VXMiI3fYtU1PkVVTXL87pcY48ZY8aCi1N6FqtxSP2xg/GASL01j1qbwyIL1OvoCqGyRgIxdd/YfaByW9wmWBhA==
  dependencies:
    "@solana/errors" "2.0.0"
    "@solana/promises" "2.0.0"
    "@solana/rpc-spec-types" "2.0.0"
    "@solana/subscribable" "2.0.0"

"@solana/rpc-subscriptions@2.0.0":
  version "2.0.0"
  resolved "https://registry.yarnpkg.com/@solana/rpc-subscriptions/-/rpc-subscriptions-2.0.0.tgz#c512b261a428f550510fe855bb751c0638547d4f"
  integrity sha512-AdwMJHMrhlj7q1MPjZmVcKq3iLqMW3N0MT8kzIAP2vP+8o/d6Fn4aqGxoz2Hlfn3OYIZoYStN2VBtwzbcfEgMA==
  dependencies:
    "@solana/errors" "2.0.0"
    "@solana/fast-stable-stringify" "2.0.0"
    "@solana/functional" "2.0.0"
    "@solana/promises" "2.0.0"
    "@solana/rpc-spec-types" "2.0.0"
    "@solana/rpc-subscriptions-api" "2.0.0"
    "@solana/rpc-subscriptions-channel-websocket" "2.0.0"
    "@solana/rpc-subscriptions-spec" "2.0.0"
    "@solana/rpc-transformers" "2.0.0"
    "@solana/rpc-types" "2.0.0"
    "@solana/subscribable" "2.0.0"

"@solana/rpc-transformers@2.0.0":
  version "2.0.0"
  resolved "https://registry.yarnpkg.com/@solana/rpc-transformers/-/rpc-transformers-2.0.0.tgz#592f7a2cc18378bf29248d059d1142897edf497f"
  integrity sha512-H6tN0qcqzUangowsLLQtYXKJsf1Roe3/qJ1Cy0gv9ojY9uEvNbJqpeEj+7blv0MUZfEe+rECAwBhxxRKPMhYGw==
  dependencies:
    "@solana/errors" "2.0.0"
    "@solana/functional" "2.0.0"
    "@solana/rpc-spec-types" "2.0.0"
    "@solana/rpc-types" "2.0.0"

"@solana/rpc-transport-http@2.0.0":
  version "2.0.0"
  resolved "https://registry.yarnpkg.com/@solana/rpc-transport-http/-/rpc-transport-http-2.0.0.tgz#87aecad790dfefe723262778b3c3be73d9a35426"
  integrity sha512-UJLhKhhxDd1OPi8hb2AenHsDm1mofCBbhWn4bDCnH2Q3ulwYadUhcNqNbxjJPQ774VNhAf53SSI5A6PQo8IZSQ==
  dependencies:
    "@solana/errors" "2.0.0"
    "@solana/rpc-spec" "2.0.0"
    "@solana/rpc-spec-types" "2.0.0"
    undici-types "^6.20.0"

"@solana/rpc-types@2.0.0":
  version "2.0.0"
  resolved "https://registry.yarnpkg.com/@solana/rpc-types/-/rpc-types-2.0.0.tgz#332989671606914f9ab0d196cb94e83f626bef34"
  integrity sha512-o1ApB9PYR0A3XjVSOh//SOVWgjDcqMlR3UNmtqciuREIBmWqnvPirdOa5EJxD3iPhfA4gnNnhGzT+tMDeDW/Kw==
  dependencies:
    "@solana/addresses" "2.0.0"
    "@solana/codecs-core" "2.0.0"
    "@solana/codecs-numbers" "2.0.0"
    "@solana/codecs-strings" "2.0.0"
    "@solana/errors" "2.0.0"

"@solana/rpc@2.0.0":
  version "2.0.0"
  resolved "https://registry.yarnpkg.com/@solana/rpc/-/rpc-2.0.0.tgz#afc43a9be80f9c9b254da30bb31c2b3f34025c66"
  integrity sha512-TumQ9DFRpib/RyaIqLVfr7UjqSo7ldfzpae0tgjM93YjbItB4Z0VcUXc3uAFvkeYw2/HIMb46Zg43mkUwozjDg==
  dependencies:
    "@solana/errors" "2.0.0"
    "@solana/fast-stable-stringify" "2.0.0"
    "@solana/functional" "2.0.0"
    "@solana/rpc-api" "2.0.0"
    "@solana/rpc-spec" "2.0.0"
    "@solana/rpc-spec-types" "2.0.0"
    "@solana/rpc-transformers" "2.0.0"
    "@solana/rpc-transport-http" "2.0.0"
    "@solana/rpc-types" "2.0.0"

"@solana/signers@2.0.0":
  version "2.0.0"
  resolved "https://registry.yarnpkg.com/@solana/signers/-/signers-2.0.0.tgz#896f5e0fc17ea8e47042cfcb1c24b225cb8def3d"
  integrity sha512-JEYJS3x/iKkqPV/3b1nLpX9lHib21wQKV3fOuu1aDLQqmX9OYKrnIIITYdnFDhmvGhpEpkkbPnqu7yVaFIBYsQ==
  dependencies:
    "@solana/addresses" "2.0.0"
    "@solana/codecs-core" "2.0.0"
    "@solana/errors" "2.0.0"
    "@solana/instructions" "2.0.0"
    "@solana/keys" "2.0.0"
    "@solana/transaction-messages" "2.0.0"
    "@solana/transactions" "2.0.0"

"@solana/subscribable@2.0.0":
  version "2.0.0"
  resolved "https://registry.yarnpkg.com/@solana/subscribable/-/subscribable-2.0.0.tgz#6476bf253395c077f9fdbd4a9b83011734a86b06"
  integrity sha512-Ex7d2GnTSNVMZDU3z6nKN4agRDDgCgBDiLnmn1hmt0iFo3alr3gRAqiqa7qGouAtYh9/29pyc8tVJCijHWJPQQ==
  dependencies:
    "@solana/errors" "2.0.0"

"@solana/sysvars@2.0.0":
  version "2.0.0"
  resolved "https://registry.yarnpkg.com/@solana/sysvars/-/sysvars-2.0.0.tgz#60f1e3b918bfdd34420f1ca2d6458cc2538d16b7"
  integrity sha512-8D4ajKcCYQsTG1p4k30lre2vjxLR6S5MftUGJnIaQObDCzGmaeA9GRti4Kk4gSPWVYFTBoj1ASx8EcEXaB3eIQ==
  dependencies:
    "@solana/accounts" "2.0.0"
    "@solana/codecs" "2.0.0"
    "@solana/errors" "2.0.0"
    "@solana/rpc-types" "2.0.0"

"@solana/transaction-confirmation@2.0.0":
  version "2.0.0"
  resolved "https://registry.yarnpkg.com/@solana/transaction-confirmation/-/transaction-confirmation-2.0.0.tgz#53385e31f94ab6b1f35c25576cb478f383476c81"
  integrity sha512-JkTw5gXLiqQjf6xK0fpVcoJ/aMp2kagtFSD/BAOazdJ3UYzOzbzqvECt6uWa3ConcMswQ2vXalVtI7ZjmYuIeg==
  dependencies:
    "@solana/addresses" "2.0.0"
    "@solana/codecs-strings" "2.0.0"
    "@solana/errors" "2.0.0"
    "@solana/keys" "2.0.0"
    "@solana/promises" "2.0.0"
    "@solana/rpc" "2.0.0"
    "@solana/rpc-subscriptions" "2.0.0"
    "@solana/rpc-types" "2.0.0"
    "@solana/transaction-messages" "2.0.0"
    "@solana/transactions" "2.0.0"

"@solana/transaction-messages@2.0.0":
  version "2.0.0"
  resolved "https://registry.yarnpkg.com/@solana/transaction-messages/-/transaction-messages-2.0.0.tgz#ad362eb7f4a14efab31e5dfaa65f24959030d8f8"
  integrity sha512-Uc6Fw1EJLBrmgS1lH2ZfLAAKFvprWPQQzOVwZS78Pv8Whsk7tweYTK6S0Upv0nHr50rGpnORJfmdBrXE6OfNGg==
  dependencies:
    "@solana/addresses" "2.0.0"
    "@solana/codecs-core" "2.0.0"
    "@solana/codecs-data-structures" "2.0.0"
    "@solana/codecs-numbers" "2.0.0"
    "@solana/errors" "2.0.0"
    "@solana/functional" "2.0.0"
    "@solana/instructions" "2.0.0"
    "@solana/rpc-types" "2.0.0"

"@solana/transactions@2.0.0":
  version "2.0.0"
  resolved "https://registry.yarnpkg.com/@solana/transactions/-/transactions-2.0.0.tgz#c27cb998e2c701fc49bda2cc5ca896e6067840dc"
  integrity sha512-VfdTE+59WKvuBG//6iE9RPjAB+ZT2kLgY2CDHabaz6RkH6OjOkMez9fWPVa3Xtcus+YQWN1SnQoryjF/xSx04w==
  dependencies:
    "@solana/addresses" "2.0.0"
    "@solana/codecs-core" "2.0.0"
    "@solana/codecs-data-structures" "2.0.0"
    "@solana/codecs-numbers" "2.0.0"
    "@solana/codecs-strings" "2.0.0"
    "@solana/errors" "2.0.0"
    "@solana/functional" "2.0.0"
    "@solana/instructions" "2.0.0"
    "@solana/keys" "2.0.0"
    "@solana/rpc-types" "2.0.0"
    "@solana/transaction-messages" "2.0.0"

"@solana/web3.js@^2.0.0":
  version "2.0.0"
  resolved "https://registry.yarnpkg.com/@solana/web3.js/-/web3.js-2.0.0.tgz#192918343982e1964269b3adb2567532c1e12c89"
  integrity sha512-x+ZRB2/r5tVK/xw8QRbAfgPcX51G9f2ifEyAQ/J5npOO+6+MPeeCjtr5UxHNDAYs9Ypo0PN+YJATCO4vhzQJGg==
  dependencies:
    "@solana/accounts" "2.0.0"
    "@solana/addresses" "2.0.0"
    "@solana/codecs" "2.0.0"
    "@solana/errors" "2.0.0"
    "@solana/functional" "2.0.0"
    "@solana/instructions" "2.0.0"
    "@solana/keys" "2.0.0"
    "@solana/programs" "2.0.0"
    "@solana/rpc" "2.0.0"
    "@solana/rpc-parsed-types" "2.0.0"
    "@solana/rpc-spec-types" "2.0.0"
    "@solana/rpc-subscriptions" "2.0.0"
    "@solana/rpc-types" "2.0.0"
    "@solana/signers" "2.0.0"
    "@solana/sysvars" "2.0.0"
    "@solana/transaction-confirmation" "2.0.0"
    "@solana/transaction-messages" "2.0.0"
    "@solana/transactions" "2.0.0"

"@types/node@*":
  version "22.13.1"
  resolved "https://registry.yarnpkg.com/@types/node/-/node-22.13.1.tgz#a2a3fefbdeb7ba6b89f40371842162fac0934f33"
  integrity sha512-jK8uzQlrvXqEU91UxiK5J7pKHyzgnI1Qnl0QDHIgVGuolJhRb9EEl28Cj9b3rGR8B2lhFCtvIm5os8lFnO/1Ew==
  dependencies:
    undici-types "~6.20.0"

"@types/ws@8.5.3":
  version "8.5.3"
  resolved "https://registry.yarnpkg.com/@types/ws/-/ws-8.5.3.tgz#7d25a1ffbecd3c4f2d35068d0b283c037003274d"
  integrity sha512-6YOoWjruKj1uLf3INHH7D3qTXwFfEsg1kf3c0uDdSBJwfa/llkwIjrAGV7j7mVgGNbzTQ3HiHKKDXl6bJPD97w==
  dependencies:
    "@types/node" "*"

abitype@0.7.1:
  version "0.7.1"
  resolved "https://registry.yarnpkg.com/abitype/-/abitype-0.7.1.tgz#16db20abe67de80f6183cf75f3de1ff86453b745"
  integrity sha512-VBkRHTDZf9Myaek/dO3yMmOzB/y2s3Zo6nVU7yaw1G+TvCHAjwaJzNGN9yo4K5D8bU/VZXKP1EJpRhFr862PlQ==

async-sema@^3.1.1:
  version "3.1.1"
  resolved "https://registry.yarnpkg.com/async-sema/-/async-sema-3.1.1.tgz#e527c08758a0f8f6f9f15f799a173ff3c40ea808"
  integrity sha512-tLRNUXati5MFePdAk8dw7Qt7DpxPB60ofAgn8WRhW6a2rcimZnYBP9oxHiv0OHy+Wz7kPMG+t4LGdt31+4EmGg==

asynckit@^0.4.0:
  version "0.4.0"
  resolved "https://registry.yarnpkg.com/asynckit/-/asynckit-0.4.0.tgz#c79ed97f7f34cb8f2ba1bc9790bcc366474b4b79"
  integrity sha512-Oei9OH4tRh0YqU3GxhX79dM/mwVgvbZJaSNaRk+bshkj0S5cfHcgYakreBjrHwatXKbz+IoIdYLxrKim2MjW0Q==

available-typed-arrays@^1.0.7:
  version "1.0.7"
  resolved "https://registry.yarnpkg.com/available-typed-arrays/-/available-typed-arrays-1.0.7.tgz#a5cc375d6a03c2efc87a553f3e0b1522def14846"
  integrity sha512-wvUjBtSGN7+7SjNpq/9M2Tg350UZD3q62IFZLbRAR1bSMlCo1ZaeW+BJ+D090e4hIIZLBcTDWe4Mh4jvUDajzQ==
  dependencies:
    possible-typed-array-names "^1.0.0"

axios@^1.7.9:
  version "1.7.9"
  resolved "https://registry.yarnpkg.com/axios/-/axios-1.7.9.tgz#d7d071380c132a24accda1b2cfc1535b79ec650a"
  integrity sha512-LhLcE7Hbiryz8oMDdDptSrWowmB4Bl6RCt6sIJKpRB4XtVf0iEgewX3au/pJqm+Py1kCASkb/FFKjxQaLtxJvw==
  dependencies:
    follow-redirects "^1.15.6"
    form-data "^4.0.0"
    proxy-from-env "^1.1.0"

call-bind-apply-helpers@^1.0.0, call-bind-apply-helpers@^1.0.1:
  version "1.0.1"
  resolved "https://registry.yarnpkg.com/call-bind-apply-helpers/-/call-bind-apply-helpers-1.0.1.tgz#32e5892e6361b29b0b545ba6f7763378daca2840"
  integrity sha512-BhYE+WDaywFg2TBWYNXAE+8B1ATnThNBqXHP5nQu0jWJdVvY2hvkpyB3qOmtmDePiS5/BDQ8wASEWGMWRG148g==
  dependencies:
    es-errors "^1.3.0"
    function-bind "^1.1.2"

call-bind@^1.0.8:
  version "1.0.8"
  resolved "https://registry.yarnpkg.com/call-bind/-/call-bind-1.0.8.tgz#0736a9660f537e3388826f440d5ec45f744eaa4c"
  integrity sha512-oKlSFMcMwpUg2ednkhQ454wfWiU/ul3CkJe/PEHcTKuiX6RpbehUiFMXu13HalGZxfUwCQzZG747YXBn1im9ww==
  dependencies:
    call-bind-apply-helpers "^1.0.0"
    es-define-property "^1.0.0"
    get-intrinsic "^1.2.4"
    set-function-length "^1.2.2"

call-bound@^1.0.2, call-bound@^1.0.3:
  version "1.0.3"
  resolved "https://registry.yarnpkg.com/call-bound/-/call-bound-1.0.3.tgz#41cfd032b593e39176a71533ab4f384aa04fd681"
  integrity sha512-YTd+6wGlNlPxSuri7Y6X8tY2dmm12UMH66RpKMhiX6rsk5wXXnYgbUcOt8kiS31/AjfoTOvCsE+w8nZQLQnzHA==
  dependencies:
    call-bind-apply-helpers "^1.0.1"
    get-intrinsic "^1.2.6"

chalk@^5.3.0:
  version "5.4.1"
  resolved "https://registry.yarnpkg.com/chalk/-/chalk-5.4.1.tgz#1b48bf0963ec158dce2aacf69c093ae2dd2092d8"
  integrity sha512-zgVZuo2WcZgfUEmsn6eO3kINexW8RAE4maiQ8QNs8CtpPCSyMiYsULR3HQYkm3w8FIA3SberyMJMSldGsW+U3w==

combined-stream@^1.0.8:
  version "1.0.8"
  resolved "https://registry.yarnpkg.com/combined-stream/-/combined-stream-1.0.8.tgz#c3d45a8b34fd730631a110a8a2520682b31d5a7f"
  integrity sha512-FQN4MRfuJeHf7cBbBMJFXhKSDq+2kAArBlmRBvcvFE5BB1HZKXtSFASDhdlz9zOYwxh8lDdnvmMOe/+5cdoEdg==
  dependencies:
    delayed-stream "~1.0.0"

commander@^12.1.0:
  version "12.1.0"
  resolved "https://registry.yarnpkg.com/commander/-/commander-12.1.0.tgz#01423b36f501259fdaac4d0e4d60c96c991585d3"
  integrity sha512-Vw8qHK3bZM9y/P10u3Vib8o/DdkvA2OtPtZvD871QKjy74Wj1WSKFILMPRPSdUSx5RFK1arlJzEtA4PkFgnbuA==

crc-32@^1.2.2:
  version "1.2.2"
  resolved "https://registry.yarnpkg.com/crc-32/-/crc-32-1.2.2.tgz#3cad35a934b8bf71f25ca524b6da51fb7eace2ff"
  integrity sha512-ROmzCKrTnOwybPcJApAA6WBWij23HVfGVNKqqrZpuyZOHqK2CwHSvpGuyt/UNNvaIjEd8X5IFGp4Mh+Ie1IHJQ==

cross-fetch@^4.0.0:
  version "4.1.0"
  resolved "https://registry.yarnpkg.com/cross-fetch/-/cross-fetch-4.1.0.tgz#8f69355007ee182e47fa692ecbaa37a52e43c3d2"
  integrity sha512-uKm5PU+MHTootlWEY+mZ4vvXoCn4fLQxT9dSc1sXVMSFkINTJVN8cAQROpwcKm8bJ/c7rgZVIBWzH5T78sNZZw==
  dependencies:
    node-fetch "^2.7.0"

define-data-property@^1.1.4:
  version "1.1.4"
  resolved "https://registry.yarnpkg.com/define-data-property/-/define-data-property-1.1.4.tgz#894dc141bb7d3060ae4366f6a0107e68fbe48c5e"
  integrity sha512-rBMvIzlpA8v6E+SJZoo++HAYqsLrkg7MSfIinMPFhmkorw7X+dOXVJQs+QT69zGkzMyfDnIMN2Wid1+NbL3T+A==
  dependencies:
    es-define-property "^1.0.0"
    es-errors "^1.3.0"
    gopd "^1.0.1"

delayed-stream@~1.0.0:
  version "1.0.0"
  resolved "https://registry.yarnpkg.com/delayed-stream/-/delayed-stream-1.0.0.tgz#df3ae199acadfb7d440aaae0b29e2272b24ec619"
  integrity sha512-ZySD7Nf91aLB0RxL4KGrKHBXl7Eds1DAmEdcoVawXnLD7SDhpNgtuII2aAkg7a7QS41jxPSZ17p4VdGnMHk3MQ==

dotenv@^16.4.7:
  version "16.4.7"
  resolved "https://registry.yarnpkg.com/dotenv/-/dotenv-16.4.7.tgz#0e20c5b82950140aa99be360a8a5f52335f53c26"
  integrity sha512-47qPchRCykZC03FhkYAhrvwU4xDBFIj1QPqaarj6mdM/hgUzfPHcpkHJOn3mJAufFeeAxAzeGsr5X0M4k6fLZQ==

dunder-proto@^1.0.1:
  version "1.0.1"
  resolved "https://registry.yarnpkg.com/dunder-proto/-/dunder-proto-1.0.1.tgz#d7ae667e1dc83482f8b70fd0f6eefc50da30f58a"
  integrity sha512-KIN/nDJBQRcXw0MLVhZE9iQHmG68qAVIBg9CqmUYjmQIhgij9U5MFvrqkUL5FbtyyzZuOeOt0zdeRe4UY7ct+A==
  dependencies:
    call-bind-apply-helpers "^1.0.1"
    es-errors "^1.3.0"
    gopd "^1.2.0"

es-define-property@^1.0.0, es-define-property@^1.0.1:
  version "1.0.1"
  resolved "https://registry.yarnpkg.com/es-define-property/-/es-define-property-1.0.1.tgz#983eb2f9a6724e9303f61addf011c72e09e0b0fa"
  integrity sha512-e3nRfgfUZ4rNGL232gUgX06QNyyez04KdjFrF+LTRoOXmrOgFKDg4BCdsjW8EnT69eqdYGmRpJwiPVYNrCaW3g==

es-errors@^1.3.0:
  version "1.3.0"
  resolved "https://registry.yarnpkg.com/es-errors/-/es-errors-1.3.0.tgz#05f75a25dab98e4fb1dcd5e1472c0546d5057c8f"
  integrity sha512-Zf5H2Kxt2xjTvbJvP2ZWLEICxA6j+hAmMzIlypy4xcBg1vKVnx89Wy0GbS+kf5cwCVFFzdCFh2XSCFNULS6csw==

es-object-atoms@^1.0.0:
  version "1.1.1"
  resolved "https://registry.yarnpkg.com/es-object-atoms/-/es-object-atoms-1.1.1.tgz#1c4f2c4837327597ce69d2ca190a7fdd172338c1"
  integrity sha512-FGgH2h8zKNim9ljj7dankFPcICIK9Cp5bm+c2gQSYePhpaG5+esrLODihIorn+Pe6FGJzWhXQotPv73jTaldXA==
  dependencies:
    es-errors "^1.3.0"

ethereum-cryptography@^2.0.0:
  version "2.2.1"
  resolved "https://registry.yarnpkg.com/ethereum-cryptography/-/ethereum-cryptography-2.2.1.tgz#58f2810f8e020aecb97de8c8c76147600b0b8ccf"
  integrity sha512-r/W8lkHSiTLxUxW8Rf3u4HGB0xQweG2RyETjywylKZSzLWoWAijRz8WCuOtJ6wah+avllXBqZuk29HCCvhEIRg==
  dependencies:
    "@noble/curves" "1.4.2"
    "@noble/hashes" "1.4.0"
    "@scure/bip32" "1.4.0"
    "@scure/bip39" "1.3.0"

eventemitter3@^5.0.1:
  version "5.0.1"
  resolved "https://registry.yarnpkg.com/eventemitter3/-/eventemitter3-5.0.1.tgz#53f5ffd0a492ac800721bb42c66b841de96423c4"
  integrity sha512-GWkBvjiSZK87ELrYOSESUYeVIc9mvLLf/nXalMOS5dYrgZq9o5OVkbZAVM06CVxYsCwH9BDZFPlQTlPA1j4ahA==

follow-redirects@^1.15.6:
  version "1.15.9"
  resolved "https://registry.yarnpkg.com/follow-redirects/-/follow-redirects-1.15.9.tgz#a604fa10e443bf98ca94228d9eebcc2e8a2c8ee1"
  integrity sha512-gew4GsXizNgdoRyqmyfMHyAmXsZDk6mHkSxZFCzW9gwlbtOW44CDtYavM+y+72qD/Vq2l550kMF52DT8fOLJqQ==

for-each@^0.3.3:
  version "0.3.5"
  resolved "https://registry.yarnpkg.com/for-each/-/for-each-0.3.5.tgz#d650688027826920feeb0af747ee7b9421a41d47"
  integrity sha512-dKx12eRCVIzqCxFGplyFKJMPvLEWgmNtUrpTiJIR5u97zEhRG8ySrtboPHZXx7daLxQVrl643cTzbab2tkQjxg==
  dependencies:
    is-callable "^1.2.7"

form-data@^4.0.0:
  version "4.0.1"
  resolved "https://registry.yarnpkg.com/form-data/-/form-data-4.0.1.tgz#ba1076daaaa5bfd7e99c1a6cb02aa0a5cff90d48"
  integrity sha512-tzN8e4TX8+kkxGPK8D5u0FNmjPUjw3lwC9lSLxxoB/+GtsJG91CO8bSWy73APlgAZzZbXEYZJuxjkHH2w+Ezhw==
  dependencies:
    asynckit "^0.4.0"
    combined-stream "^1.0.8"
    mime-types "^2.1.12"

function-bind@^1.1.2:
  version "1.1.2"
  resolved "https://registry.yarnpkg.com/function-bind/-/function-bind-1.1.2.tgz#2c02d864d97f3ea6c8830c464cbd11ab6eab7a1c"
  integrity sha512-7XHNxH7qX9xG5mIwxkhumTox/MIRNcOgDrxWsMt2pAr23WHp6MrRlN7FBSFpCpr+oVO0F744iUgR82nJMfG2SA==

get-intrinsic@^1.2.4, get-intrinsic@^1.2.6:
  version "1.2.7"
  resolved "https://registry.yarnpkg.com/get-intrinsic/-/get-intrinsic-1.2.7.tgz#dcfcb33d3272e15f445d15124bc0a216189b9044"
  integrity sha512-VW6Pxhsrk0KAOqs3WEd0klDiF/+V7gQOpAvY1jVU/LHmaD/kQO4523aiJuikX/QAKYiW6x8Jh+RJej1almdtCA==
  dependencies:
    call-bind-apply-helpers "^1.0.1"
    es-define-property "^1.0.1"
    es-errors "^1.3.0"
    es-object-atoms "^1.0.0"
    function-bind "^1.1.2"
    get-proto "^1.0.0"
    gopd "^1.2.0"
    has-symbols "^1.1.0"
    hasown "^2.0.2"
    math-intrinsics "^1.1.0"

get-proto@^1.0.0:
  version "1.0.1"
  resolved "https://registry.yarnpkg.com/get-proto/-/get-proto-1.0.1.tgz#150b3f2743869ef3e851ec0c49d15b1d14d00ee1"
  integrity sha512-sTSfBjoXBp89JvIKIefqw7U2CCebsc74kiY6awiGogKtoSGbgjYE/G/+l9sF3MWFPNc9IcoOC4ODfKHfxFmp0g==
  dependencies:
    dunder-proto "^1.0.1"
    es-object-atoms "^1.0.0"

gopd@^1.0.1, gopd@^1.2.0:
  version "1.2.0"
  resolved "https://registry.yarnpkg.com/gopd/-/gopd-1.2.0.tgz#89f56b8217bdbc8802bd299df6d7f1081d7e51a1"
  integrity sha512-ZUKRh6/kUFoAiTAtTYPZJ3hw9wNxx+BIBOijnlG9PnrJsCcSjs1wyyD6vJpaYtgnzDrKYRSqf3OO6Rfa93xsRg==

has-property-descriptors@^1.0.2:
  version "1.0.2"
  resolved "https://registry.yarnpkg.com/has-property-descriptors/-/has-property-descriptors-1.0.2.tgz#963ed7d071dc7bf5f084c5bfbe0d1b6222586854"
  integrity sha512-55JNKuIW+vq4Ke1BjOTjM2YctQIvCT7GFzHwmfZPGo5wnrgkid0YQtnAleFSqumZm4az3n2BS+erby5ipJdgrg==
  dependencies:
    es-define-property "^1.0.0"

has-symbols@^1.0.3, has-symbols@^1.1.0:
  version "1.1.0"
  resolved "https://registry.yarnpkg.com/has-symbols/-/has-symbols-1.1.0.tgz#fc9c6a783a084951d0b971fe1018de813707a338"
  integrity sha512-1cDNdwJ2Jaohmb3sg4OmKaMBwuC48sYni5HUw2DvsC8LjGTLK9h+eb1X6RyuOHe4hT0ULCW68iomhjUoKUqlPQ==

has-tostringtag@^1.0.2:
  version "1.0.2"
  resolved "https://registry.yarnpkg.com/has-tostringtag/-/has-tostringtag-1.0.2.tgz#2cdc42d40bef2e5b4eeab7c01a73c54ce7ab5abc"
  integrity sha512-NqADB8VjPFLM2V0VvHUewwwsw0ZWBaIdgo+ieHtK3hasLz4qeCRjYcqfB6AQrBggRKppKF8L52/VqdVsO47Dlw==
  dependencies:
    has-symbols "^1.0.3"

hasown@^2.0.2:
  version "2.0.2"
  resolved "https://registry.yarnpkg.com/hasown/-/hasown-2.0.2.tgz#003eaf91be7adc372e84ec59dc37252cedb80003"
  integrity sha512-0hJU9SCPvmMzIBdZFqNPXWa6dqh7WdH0cII9y+CyS8rG3nL48Bclra9HmKhVVUHyPWNH5Y7xDwAB7bfgSjkUMQ==
  dependencies:
    function-bind "^1.1.2"

inherits@^2.0.3:
  version "2.0.4"
  resolved "https://registry.yarnpkg.com/inherits/-/inherits-2.0.4.tgz#0fa2c64f932917c3433a0ded55363aae37416b7c"
  integrity sha512-k/vGaX4/Yla3WzyMCvTQOXYeIHvqOKtnqBduzTHpzpQZzAskKMhZ2K+EnBiSM9zGSoIFeMpXKxa4dYeZIQqewQ==

is-arguments@^1.0.4:
  version "1.2.0"
  resolved "https://registry.yarnpkg.com/is-arguments/-/is-arguments-1.2.0.tgz#ad58c6aecf563b78ef2bf04df540da8f5d7d8e1b"
  integrity sha512-7bVbi0huj/wrIAOzb8U1aszg9kdi3KN/CyU19CTI7tAoZYEZoL9yCDXpbXN+uPsuWnP02cyug1gleqq+TU+YCA==
  dependencies:
    call-bound "^1.0.2"
    has-tostringtag "^1.0.2"

is-callable@^1.2.7:
  version "1.2.7"
  resolved "https://registry.yarnpkg.com/is-callable/-/is-callable-1.2.7.tgz#3bc2a85ea742d9e36205dcacdd72ca1fdc51b055"
  integrity sha512-1BC0BVFhS/p0qtw6enp8e+8OD0UrK0oFLztSjNzhcKA3WDuJxxAPXzPuPtKkjEY9UUoEWlX/8fgKeu2S8i9JTA==

is-generator-function@^1.0.7:
  version "1.1.0"
  resolved "https://registry.yarnpkg.com/is-generator-function/-/is-generator-function-1.1.0.tgz#bf3eeda931201394f57b5dba2800f91a238309ca"
  integrity sha512-nPUB5km40q9e8UfN/Zc24eLlzdSf9OfKByBw9CIdw4H1giPMeA0OIJvbchsCu4npfI2QcMVBsGEBHKZ7wLTWmQ==
  dependencies:
    call-bound "^1.0.3"
    get-proto "^1.0.0"
    has-tostringtag "^1.0.2"
    safe-regex-test "^1.1.0"

is-regex@^1.2.1:
  version "1.2.1"
  resolved "https://registry.yarnpkg.com/is-regex/-/is-regex-1.2.1.tgz#76d70a3ed10ef9be48eb577887d74205bf0cad22"
  integrity sha512-MjYsKHO5O7mCsmRGxWcLWheFqN9DJ/2TmngvjKXihe6efViPqc274+Fx/4fYj/r03+ESvBdTXK0V6tA3rgez1g==
  dependencies:
    call-bound "^1.0.2"
    gopd "^1.2.0"
    has-tostringtag "^1.0.2"
    hasown "^2.0.2"

is-typed-array@^1.1.3:
  version "1.1.15"
  resolved "https://registry.yarnpkg.com/is-typed-array/-/is-typed-array-1.1.15.tgz#4bfb4a45b61cee83a5a46fba778e4e8d59c0ce0b"
  integrity sha512-p3EcsicXjit7SaskXHs1hA91QxgTw46Fv6EFKKGS5DRFLD8yKnohjF3hxoju94b/OcMZoQukzpPpBE9uLVKzgQ==
  dependencies:
    which-typed-array "^1.1.16"

isomorphic-ws@^5.0.0:
  version "5.0.0"
  resolved "https://registry.yarnpkg.com/isomorphic-ws/-/isomorphic-ws-5.0.0.tgz#e5529148912ecb9b451b46ed44d53dae1ce04bbf"
  integrity sha512-muId7Zzn9ywDsyXgTIafTry2sV3nySZeUDe6YedVd1Hvuuep5AsIlqK+XefWpYTyJG5e503F2xIuT2lcU6rCSw==

math-intrinsics@^1.1.0:
  version "1.1.0"
  resolved "https://registry.yarnpkg.com/math-intrinsics/-/math-intrinsics-1.1.0.tgz#a0dd74be81e2aa5c2f27e65ce283605ee4e2b7f9"
  integrity sha512-/IXtbwEk5HTPyEwyKX6hGkYXxM9nbj64B+ilVJnC/R6B0pH5G4V3b0pVbL7DBj4tkhBAppbQUlf6F6Xl9LHu1g==

mime-db@1.52.0:
  version "1.52.0"
  resolved "https://registry.yarnpkg.com/mime-db/-/mime-db-1.52.0.tgz#bbabcdc02859f4987301c856e3387ce5ec43bf70"
  integrity sha512-sPU4uV7dYlvtWJxwwxHD0PuihVNiE7TyAbQ5SWxDCB9mUYvOgroQOwYQQOKPJ8CIbE+1ETVlOoK1UC2nU3gYvg==

mime-types@^2.1.12:
  version "2.1.35"
  resolved "https://registry.yarnpkg.com/mime-types/-/mime-types-2.1.35.tgz#381a871b62a734450660ae3deee44813f70d959a"
  integrity sha512-ZDY+bPm5zTTF+YpCrAU9nK0UgICYPT0QtT1NZWFv4s++TNkcgVaT0g6+4R2uI4MjQjzysHB1zxuWL50hzaeXiw==
  dependencies:
    mime-db "1.52.0"

node-fetch@^2.7.0:
  version "2.7.0"
  resolved "https://registry.yarnpkg.com/node-fetch/-/node-fetch-2.7.0.tgz#d0f0fa6e3e2dc1d27efcd8ad99d550bda94d187d"
  integrity sha512-c4FRfUm/dbcWZ7U+1Wq0AwCyFL+3nt2bEw05wfxSz+DWpWsitgmSgYmy2dQdWyKC1694ELPqMs/YzUSNozLt8A==
  dependencies:
    whatwg-url "^5.0.0"

possible-typed-array-names@^1.0.0:
  version "1.1.0"
  resolved "https://registry.yarnpkg.com/possible-typed-array-names/-/possible-typed-array-names-1.1.0.tgz#93e3582bc0e5426586d9d07b79ee40fc841de4ae"
  integrity sha512-/+5VFTchJDoVj3bhoqi6UeymcD00DAwb1nJwamzPvHEszJ4FpF6SNNbUbOS8yI56qHzdV8eK0qEfOSiodkTdxg==

proxy-from-env@^1.1.0:
  version "1.1.0"
  resolved "https://registry.yarnpkg.com/proxy-from-env/-/proxy-from-env-1.1.0.tgz#e102f16ca355424865755d2c9e8ea4f24d58c3e2"
  integrity sha512-D+zkORCbA9f1tdWRK0RaCR3GPv50cMxcrz4X8k5LTSUD1Dkw47mKJEZQNunItRTkWwgtaUSo1RVFRIG9ZXiFYg==

safe-regex-test@^1.1.0:
  version "1.1.0"
  resolved "https://registry.yarnpkg.com/safe-regex-test/-/safe-regex-test-1.1.0.tgz#7f87dfb67a3150782eaaf18583ff5d1711ac10c1"
  integrity sha512-x/+Cz4YrimQxQccJf5mKEbIa1NzeCRNI5Ecl/ekmlYaampdNLPalVyIcCZNNH3MvmqBugV5TMYZXv0ljslUlaw==
  dependencies:
    call-bound "^1.0.2"
    es-errors "^1.3.0"
    is-regex "^1.2.1"

set-function-length@^1.2.2:
  version "1.2.2"
  resolved "https://registry.yarnpkg.com/set-function-length/-/set-function-length-1.2.2.tgz#aac72314198eaed975cf77b2c3b6b880695e5449"
  integrity sha512-pgRc4hJ4/sNjWCSS9AmnS40x3bNMDTknHgL5UaMBTMyJnU90EgWh1Rz+MC9eFu4BuN/UwZjKQuY/1v3rM7HMfg==
  dependencies:
    define-data-property "^1.1.4"
    es-errors "^1.3.0"
    function-bind "^1.1.2"
    get-intrinsic "^1.2.4"
    gopd "^1.0.1"
    has-property-descriptors "^1.0.2"

setimmediate@^1.0.5:
  version "1.0.5"
  resolved "https://registry.yarnpkg.com/setimmediate/-/setimmediate-1.0.5.tgz#290cbb232e306942d7d7ea9b83732ab7856f8285"
  integrity sha512-MATJdZp8sLqDl/68LfQmbP8zKPLQNV6BIZoIgrscFDQ+RsvK/BxeDQOgyxKKoh0y/8h3BqVFnCqQ/gd+reiIXA==

tr46@~0.0.3:
  version "0.0.3"
  resolved "https://registry.yarnpkg.com/tr46/-/tr46-0.0.3.tgz#8184fd347dac9cdc185992f3a6622e14b9d9ab6a"
  integrity sha512-N3WMsuqV66lT30CrXNbEjx4GEwlow3v6rr4mCcv6prnfwhS01rkgyFdjPNBYd9br7LpXV1+Emh01fHnq2Gdgrw==

undici-types@^6.20.0:
  version "6.21.0"
  resolved "https://registry.yarnpkg.com/undici-types/-/undici-types-6.21.0.tgz#691d00af3909be93a7faa13be61b3a5b50ef12cb"
  integrity sha512-iwDZqg0QAGrg9Rav5H4n0M64c3mkR59cJ6wQp+7C4nI0gsmExaedaYLNO44eT4AtBBwjbTiGPMlt2Md0T9H9JQ==

undici-types@~6.20.0:
  version "6.20.0"
  resolved "https://registry.yarnpkg.com/undici-types/-/undici-types-6.20.0.tgz#8171bf22c1f588d1554d55bf204bc624af388433"
  integrity sha512-Ny6QZ2Nju20vw1SRHe3d9jVu6gJ+4e3+MMpqu7pqE5HT6WsTSlce++GQmK5UXS8mzV8DSYHrQH+Xrf2jVcuKNg==

util@^0.12.5:
  version "0.12.5"
  resolved "https://registry.yarnpkg.com/util/-/util-0.12.5.tgz#5f17a6059b73db61a875668781a1c2b136bd6fbc"
  integrity sha512-kZf/K6hEIrWHI6XqOFUiiMa+79wE/D8Q+NCNAWclkyg3b4d2k7s0QGepNjiABc+aR3N1PAyHL7p6UcLY6LmrnA==
  dependencies:
    inherits "^2.0.3"
    is-arguments "^1.0.4"
    is-generator-function "^1.0.7"
    is-typed-array "^1.1.3"
    which-typed-array "^1.1.2"

web3-core@^4.4.0, web3-core@^4.5.0, web3-core@^4.6.0, web3-core@^4.7.1:
  version "4.7.1"
  resolved "https://registry.yarnpkg.com/web3-core/-/web3-core-4.7.1.tgz#bc56cd7959fe44ee77139d591211f69851140009"
  integrity sha512-9KSeASCb/y6BG7rwhgtYC4CvYY66JfkmGNEYb7q1xgjt9BWfkf09MJPaRyoyT5trdOxYDHkT9tDlypvQWaU8UQ==
  dependencies:
    web3-errors "^1.3.1"
    web3-eth-accounts "^4.3.1"
    web3-eth-iban "^4.0.7"
    web3-providers-http "^4.2.0"
    web3-providers-ws "^4.0.8"
    web3-types "^1.10.0"
    web3-utils "^4.3.3"
    web3-validator "^2.0.6"
  optionalDependencies:
    web3-providers-ipc "^4.0.7"

web3-errors@^1.1.3, web3-errors@^1.2.0, web3-errors@^1.3.0, web3-errors@^1.3.1:
  version "1.3.1"
  resolved "https://registry.yarnpkg.com/web3-errors/-/web3-errors-1.3.1.tgz#163bc4d869f98614760b683d733c3ed1fb415d98"
  integrity sha512-w3NMJujH+ZSW4ltIZZKtdbkbyQEvBzyp3JRn59Ckli0Nz4VMsVq8aF1bLWM7A2kuQ+yVEm3ySeNU+7mSRwx7RQ==
  dependencies:
    web3-types "^1.10.0"

web3-eth-abi@^4.4.1:
  version "4.4.1"
  resolved "https://registry.yarnpkg.com/web3-eth-abi/-/web3-eth-abi-4.4.1.tgz#1dca9d80341b3cd7a1ae07dc98080c2073d62a29"
  integrity sha512-60ecEkF6kQ9zAfbTY04Nc9q4eEYM0++BySpGi8wZ2PD1tw/c0SDvsKhV6IKURxLJhsDlb08dATc3iD6IbtWJmg==
  dependencies:
    abitype "0.7.1"
    web3-errors "^1.3.1"
    web3-types "^1.10.0"
    web3-utils "^4.3.3"
    web3-validator "^2.0.6"

web3-eth-accounts@^4.3.1:
  version "4.3.1"
  resolved "https://registry.yarnpkg.com/web3-eth-accounts/-/web3-eth-accounts-4.3.1.tgz#6712ea915940d03d596015a87f9167171e8306a6"
  integrity sha512-rTXf+H9OKze6lxi7WMMOF1/2cZvJb2AOnbNQxPhBDssKOllAMzLhg1FbZ4Mf3lWecWfN6luWgRhaeSqO1l+IBQ==
  dependencies:
    "@ethereumjs/rlp" "^4.0.1"
    crc-32 "^1.2.2"
    ethereum-cryptography "^2.0.0"
    web3-errors "^1.3.1"
    web3-types "^1.10.0"
    web3-utils "^4.3.3"
    web3-validator "^2.0.6"

web3-eth-contract@^4.5.0, web3-eth-contract@^4.7.2:
  version "4.7.2"
  resolved "https://registry.yarnpkg.com/web3-eth-contract/-/web3-eth-contract-4.7.2.tgz#a1851e566ceb4b0da3792ff4d8f7cb6fd91d3401"
  integrity sha512-3ETqs2pMNPEAc7BVY/C3voOhTUeJdkf2aM3X1v+edbngJLHAxbvxKpOqrcO0cjXzC4uc2Q8Zpf8n8zT5r0eLnA==
  dependencies:
    "@ethereumjs/rlp" "^5.0.2"
    web3-core "^4.7.1"
    web3-errors "^1.3.1"
    web3-eth "^4.11.1"
    web3-eth-abi "^4.4.1"
    web3-types "^1.10.0"
    web3-utils "^4.3.3"
    web3-validator "^2.0.6"

web3-eth-ens@^4.4.0:
  version "4.4.0"
  resolved "https://registry.yarnpkg.com/web3-eth-ens/-/web3-eth-ens-4.4.0.tgz#bc0d11d755cb15ed4b82e38747c5104622d9a4b9"
  integrity sha512-DeyVIS060hNV9g8dnTx92syqvgbvPricE3MerCxe/DquNZT3tD8aVgFfq65GATtpCgDDJffO2bVeHp3XBemnSQ==
  dependencies:
    "@adraffy/ens-normalize" "^1.8.8"
    web3-core "^4.5.0"
    web3-errors "^1.2.0"
    web3-eth "^4.8.0"
    web3-eth-contract "^4.5.0"
    web3-net "^4.1.0"
    web3-types "^1.7.0"
    web3-utils "^4.3.0"
    web3-validator "^2.0.6"

web3-eth-iban@^4.0.7:
  version "4.0.7"
  resolved "https://registry.yarnpkg.com/web3-eth-iban/-/web3-eth-iban-4.0.7.tgz#ee504f845d7b6315f0be78fcf070ccd5d38e4aaf"
  integrity sha512-8weKLa9KuKRzibC87vNLdkinpUE30gn0IGY027F8doeJdcPUfsa4IlBgNC4k4HLBembBB2CTU0Kr/HAOqMeYVQ==
  dependencies:
    web3-errors "^1.1.3"
    web3-types "^1.3.0"
    web3-utils "^4.0.7"
    web3-validator "^2.0.3"

web3-eth-personal@^4.1.0:
  version "4.1.0"
  resolved "https://registry.yarnpkg.com/web3-eth-personal/-/web3-eth-personal-4.1.0.tgz#f5b506a4570bf1241d1db2de12cb413ea0bb4486"
  integrity sha512-RFN83uMuvA5cu1zIwwJh9A/bAj0OBxmGN3tgx19OD/9ygeUZbifOL06jgFzN0t+1ekHqm3DXYQM8UfHpXi7yDQ==
  dependencies:
    web3-core "^4.6.0"
    web3-eth "^4.9.0"
    web3-rpc-methods "^1.3.0"
    web3-types "^1.8.0"
    web3-utils "^4.3.1"
    web3-validator "^2.0.6"

web3-eth@^4.11.1, web3-eth@^4.8.0, web3-eth@^4.9.0:
  version "4.11.1"
  resolved "https://registry.yarnpkg.com/web3-eth/-/web3-eth-4.11.1.tgz#f558ab1482d4196de0f0a7da5985de42d06664ea"
  integrity sha512-q9zOkzHnbLv44mwgLjLXuyqszHuUgZWsQayD2i/rus2uk0G7hMn11bE2Q3hOVnJS4ws4VCtUznlMxwKQ+38V2w==
  dependencies:
    setimmediate "^1.0.5"
    web3-core "^4.7.1"
    web3-errors "^1.3.1"
    web3-eth-abi "^4.4.1"
    web3-eth-accounts "^4.3.1"
    web3-net "^4.1.0"
    web3-providers-ws "^4.0.8"
    web3-rpc-methods "^1.3.0"
    web3-types "^1.10.0"
    web3-utils "^4.3.3"
    web3-validator "^2.0.6"

web3-net@^4.1.0:
  version "4.1.0"
  resolved "https://registry.yarnpkg.com/web3-net/-/web3-net-4.1.0.tgz#db7bde675e58b153339e4f149f29ec0410d6bab2"
  integrity sha512-WWmfvHVIXWEoBDWdgKNYKN8rAy6SgluZ0abyRyXOL3ESr7ym7pKWbfP4fjApIHlYTh8tNqkrdPfM4Dyi6CA0SA==
  dependencies:
    web3-core "^4.4.0"
    web3-rpc-methods "^1.3.0"
    web3-types "^1.6.0"
    web3-utils "^4.3.0"

web3-providers-http@^4.2.0:
  version "4.2.0"
  resolved "https://registry.yarnpkg.com/web3-providers-http/-/web3-providers-http-4.2.0.tgz#0f4bf424681a068d49994aa7fabc69bed45ac50b"
  integrity sha512-IPMnDtHB7dVwaB7/mMxAZzyq7d5ezfO1+Vw0bNfAeIi7gaDlJiggp85SdyAfOgov8AMUA/dyiY72kQ0KmjXKvQ==
  dependencies:
    cross-fetch "^4.0.0"
    web3-errors "^1.3.0"
    web3-types "^1.7.0"
    web3-utils "^4.3.1"

web3-providers-ipc@^4.0.7:
  version "4.0.7"
  resolved "https://registry.yarnpkg.com/web3-providers-ipc/-/web3-providers-ipc-4.0.7.tgz#9ec4c8565053af005a5170ba80cddeb40ff3e3d3"
  integrity sha512-YbNqY4zUvIaK2MHr1lQFE53/8t/ejHtJchrWn9zVbFMGXlTsOAbNoIoZWROrg1v+hCBvT2c9z8xt7e/+uz5p1g==
  dependencies:
    web3-errors "^1.1.3"
    web3-types "^1.3.0"
    web3-utils "^4.0.7"

web3-providers-ws@^4.0.8:
  version "4.0.8"
  resolved "https://registry.yarnpkg.com/web3-providers-ws/-/web3-providers-ws-4.0.8.tgz#6de7b262f7ec6df1a2dff466ba91d7ebdac2c45e"
  integrity sha512-goJdgata7v4pyzHRsg9fSegUG4gVnHZSHODhNnn6J93ykHkBI1nz4fjlGpcQLUMi4jAMz6SHl9Ibzs2jj9xqPw==
  dependencies:
    "@types/ws" "8.5.3"
    isomorphic-ws "^5.0.0"
    web3-errors "^1.2.0"
    web3-types "^1.7.0"
    web3-utils "^4.3.1"
    ws "^8.17.1"

web3-rpc-methods@^1.3.0:
  version "1.3.0"
  resolved "https://registry.yarnpkg.com/web3-rpc-methods/-/web3-rpc-methods-1.3.0.tgz#d5ee299a69389d63822d354ddee2c6a121a6f670"
  integrity sha512-/CHmzGN+IYgdBOme7PdqzF+FNeMleefzqs0LVOduncSaqsppeOEoskLXb2anSpzmQAP3xZJPaTrkQPWSJMORig==
  dependencies:
    web3-core "^4.4.0"
    web3-types "^1.6.0"
    web3-validator "^2.0.6"

web3-rpc-providers@^1.0.0-rc.4:
  version "1.0.0-rc.4"
  resolved "https://registry.yarnpkg.com/web3-rpc-providers/-/web3-rpc-providers-1.0.0-rc.4.tgz#93cec88175eb2f7972e12be30af4c2f296b1923f"
  integrity sha512-PXosCqHW0EADrYzgmueNHP3Y5jcSmSwH+Dkqvn7EYD0T2jcsdDAIHqk6szBiwIdhumM7gv9Raprsu/s/f7h1fw==
  dependencies:
    web3-errors "^1.3.1"
    web3-providers-http "^4.2.0"
    web3-providers-ws "^4.0.8"
    web3-types "^1.10.0"
    web3-utils "^4.3.3"
    web3-validator "^2.0.6"

web3-types@^1.10.0, web3-types@^1.3.0, web3-types@^1.6.0, web3-types@^1.7.0, web3-types@^1.8.0:
  version "1.10.0"
  resolved "https://registry.yarnpkg.com/web3-types/-/web3-types-1.10.0.tgz#41b0b4d2dd75e919d5b6f37bf139e29f445db04e"
  integrity sha512-0IXoaAFtFc8Yin7cCdQfB9ZmjafrbP6BO0f0KT/khMhXKUpoJ6yShrVhiNpyRBo8QQjuOagsWzwSK2H49I7sbw==

web3-utils@^4.0.7, web3-utils@^4.3.0, web3-utils@^4.3.1, web3-utils@^4.3.3:
  version "4.3.3"
  resolved "https://registry.yarnpkg.com/web3-utils/-/web3-utils-4.3.3.tgz#e380a1c03a050d3704f94bd08c1c9f50a1487205"
  integrity sha512-kZUeCwaQm+RNc2Bf1V3BYbF29lQQKz28L0y+FA4G0lS8IxtJVGi5SeDTUkpwqqkdHHC7JcapPDnyyzJ1lfWlOw==
  dependencies:
    ethereum-cryptography "^2.0.0"
    eventemitter3 "^5.0.1"
    web3-errors "^1.3.1"
    web3-types "^1.10.0"
    web3-validator "^2.0.6"

web3-validator@^2.0.3, web3-validator@^2.0.6:
  version "2.0.6"
  resolved "https://registry.yarnpkg.com/web3-validator/-/web3-validator-2.0.6.tgz#a0cdaa39e1d1708ece5fae155b034e29d6a19248"
  integrity sha512-qn9id0/l1bWmvH4XfnG/JtGKKwut2Vokl6YXP5Kfg424npysmtRLe9DgiNBM9Op7QL/aSiaA0TVXibuIuWcizg==
  dependencies:
    ethereum-cryptography "^2.0.0"
    util "^0.12.5"
    web3-errors "^1.2.0"
    web3-types "^1.6.0"
    zod "^3.21.4"

web3@^4.16.0:
  version "4.16.0"
  resolved "https://registry.yarnpkg.com/web3/-/web3-4.16.0.tgz#1da10d8405bf27a76de6cbbce3de9fa93f7c0449"
  integrity sha512-SgoMSBo6EsJ5GFCGar2E/pR2lcR/xmUSuQ61iK6yDqzxmm42aPPxSqZfJz2z/UCR6pk03u77pU8TGV6lgMDdIQ==
  dependencies:
    web3-core "^4.7.1"
    web3-errors "^1.3.1"
    web3-eth "^4.11.1"
    web3-eth-abi "^4.4.1"
    web3-eth-accounts "^4.3.1"
    web3-eth-contract "^4.7.2"
    web3-eth-ens "^4.4.0"
    web3-eth-iban "^4.0.7"
    web3-eth-personal "^4.1.0"
    web3-net "^4.1.0"
    web3-providers-http "^4.2.0"
    web3-providers-ws "^4.0.8"
    web3-rpc-methods "^1.3.0"
    web3-rpc-providers "^1.0.0-rc.4"
    web3-types "^1.10.0"
    web3-utils "^4.3.3"
    web3-validator "^2.0.6"

webidl-conversions@^3.0.0:
  version "3.0.1"
  resolved "https://registry.yarnpkg.com/webidl-conversions/-/webidl-conversions-3.0.1.tgz#24534275e2a7bc6be7bc86611cc16ae0a5654871"
  integrity sha512-2JAn3z8AR6rjK8Sm8orRC0h/bcl/DqL7tRPdGZ4I1CjdF+EaMLmYxBHyXuKL849eucPFhvBoxMsflfOb8kxaeQ==

whatwg-url@^5.0.0:
  version "5.0.0"
  resolved "https://registry.yarnpkg.com/whatwg-url/-/whatwg-url-5.0.0.tgz#966454e8765462e37644d3626f6742ce8b70965d"
  integrity sha512-saE57nupxk6v3HY35+jzBwYa0rKSy0XR8JSxZPwgLr7ys0IBzhGviA1/TUGJLmSVqs8pb9AnvICXEuOHLprYTw==
  dependencies:
    tr46 "~0.0.3"
    webidl-conversions "^3.0.0"

which-typed-array@^1.1.16, which-typed-array@^1.1.2:
  version "1.1.18"
  resolved "https://registry.yarnpkg.com/which-typed-array/-/which-typed-array-1.1.18.tgz#df2389ebf3fbb246a71390e90730a9edb6ce17ad"
  integrity sha512-qEcY+KJYlWyLH9vNbsr6/5j59AXk5ni5aakf8ldzBvGde6Iz4sxZGkJyWSAueTG7QhOvNRYb1lDdFmL5Td0QKA==
  dependencies:
    available-typed-arrays "^1.0.7"
    call-bind "^1.0.8"
    call-bound "^1.0.3"
    for-each "^0.3.3"
    gopd "^1.2.0"
    has-tostringtag "^1.0.2"

ws@^8.17.1:
  version "8.18.0"
  resolved "https://registry.yarnpkg.com/ws/-/ws-8.18.0.tgz#0d7505a6eafe2b0e712d232b42279f53bc289bbc"
  integrity sha512-8VbfWfHLbbwu3+N6OKsOMpBdT4kXPDDB9cJk2bJ6mh9ucxdlnNvH1e+roYkKmN9Nxw2yjz7VzeO9oOz2zJ04Pw==

zod@^3.21.4:
  version "3.24.2"
  resolved "https://registry.yarnpkg.com/zod/-/zod-3.24.2.tgz#8efa74126287c675e92f46871cfc8d15c34372b3"
  integrity sha512-lY7CDW43ECgW9u1TcT3IoXHflywfVqDYze4waEz812jR/bZ8FHDsl7pFQoSZTz5N+2NqRXs8GBwnAwo3ZNxqhQ==
