# THIS IS AN AUTOGENERATED FILE. DO NOT EDIT THIS FILE DIRECTLY.
# yarn lockfile v1


"@apollo/client@^3.13.1":
  version "3.13.1"
  resolved "https://registry.yarnpkg.com/@apollo/client/-/client-3.13.1.tgz#c0633c69c5446967b0e517a590595eeea61dd176"
  integrity sha512-HaAt62h3jNUXpJ1v5HNgUiCzPP1c5zc2Q/FeTb2cTk/v09YlhoqKKHQFJI7St50VCJ5q8JVIc03I5bRcBrQxsg==
  dependencies:
    "@graphql-typed-document-node/core" "^3.1.1"
    "@wry/caches" "^1.0.0"
    "@wry/equality" "^0.5.6"
    "@wry/trie" "^0.5.0"
    graphql-tag "^2.12.6"
    hoist-non-react-statics "^3.3.2"
    optimism "^0.18.0"
    prop-types "^15.7.2"
    rehackt "^0.1.0"
    symbol-observable "^4.0.0"
    ts-invariant "^0.10.3"
    tslib "^2.3.0"
    zen-observable-ts "^1.2.5"

"@graphql-typed-document-node/core@^3.1.1":
  version "3.2.0"
  resolved "https://registry.yarnpkg.com/@graphql-typed-document-node/core/-/core-3.2.0.tgz#5f3d96ec6b2354ad6d8a28bf216a1d97b5426861"
  integrity sha512-mB9oAsNCm9aM3/SOv4YtBMqZbYj10R7dkq8byBqxGY/ncFwhf2oQzMV+LCRlWoDSEBJ3COiR1yeDvMtsoOsuFQ==

"@solana/accounts@2.0.0":
  version "2.0.0"
  resolved "https://registry.yarnpkg.com/@solana/accounts/-/accounts-2.0.0.tgz#4d5806079a69d1a15bc85eb4072913cf848ae8f7"
  integrity sha512-1CE4P3QSDH5x+ZtSthMY2mn/ekROBnlT3/4f3CHDJicDvLQsgAq2yCvGHsYkK3ZA0mxhFLuhJVjuKASPnmG1rQ==
  dependencies:
    "@solana/addresses" "2.0.0"
    "@solana/codecs-core" "2.0.0"
    "@solana/codecs-strings" "2.0.0"
    "@solana/errors" "2.0.0"
    "@solana/rpc-spec" "2.0.0"
    "@solana/rpc-types" "2.0.0"

"@solana/addresses@2.0.0":
  version "2.0.0"
  resolved "https://registry.yarnpkg.com/@solana/addresses/-/addresses-2.0.0.tgz#d1b01a38e0b48d7e4fea223821655a0c2b903c28"
  integrity sha512-8n3c/mUlH1/z+pM8e7OJ6uDSXw26Be0dgYiokiqblO66DGQ0d+7pqFUFZ5pEGjJ9PU2lDTSfY8rHf4cemOqwzQ==
  dependencies:
    "@solana/assertions" "2.0.0"
    "@solana/codecs-core" "2.0.0"
    "@solana/codecs-strings" "2.0.0"
    "@solana/errors" "2.0.0"

"@solana/assertions@2.0.0":
  version "2.0.0"
  resolved "https://registry.yarnpkg.com/@solana/assertions/-/assertions-2.0.0.tgz#b02fc874a890f252c4595a0e35deeb1719d5f02b"
  integrity sha512-NyPPqZRNGXs/GAjfgsw7YS6vCTXWt4ibXveS+ciy5sdmp/0v3pA6DlzYjleF9Sljrew0IiON15rjaXamhDxYfQ==
  dependencies:
    "@solana/errors" "2.0.0"

"@solana/codecs-core@2.0.0":
  version "2.0.0"
  resolved "https://registry.yarnpkg.com/@solana/codecs-core/-/codecs-core-2.0.0.tgz#31d4a6acce9ac49f786939c4e564adf9a68c56ef"
  integrity sha512-qCG+3hDU5Pm8V6joJjR4j4Zv9md1z0RaecniNDIkEglnxmOUODnmPLWbtOjnDylfItyuZeDihK8hkewdj8cUtw==
  dependencies:
    "@solana/errors" "2.0.0"

"@solana/codecs-data-structures@2.0.0":
  version "2.0.0"
  resolved "https://registry.yarnpkg.com/@solana/codecs-data-structures/-/codecs-data-structures-2.0.0.tgz#0a06b8646634dcf44a7b1d968fe8d9218c3cb745"
  integrity sha512-N98Y4jsrC/XeOgqrfsGqcOFIaOoMsKdAxOmy5oqVaEN67YoGSLNC9ROnqamOAOrsZdicTWx9/YLKFmQi9DPh1A==
  dependencies:
    "@solana/codecs-core" "2.0.0"
    "@solana/codecs-numbers" "2.0.0"
    "@solana/errors" "2.0.0"

"@solana/codecs-numbers@2.0.0":
  version "2.0.0"
  resolved "https://registry.yarnpkg.com/@solana/codecs-numbers/-/codecs-numbers-2.0.0.tgz#c08250968fa1cbfab076367b650269271061c646"
  integrity sha512-r66i7VzJO1MZkQWZIAI6jjJOFVpnq0+FIabo2Z2ZDtrArFus/SbSEv543yCLeD2tdR/G/p+1+P5On10qF50Y1Q==
  dependencies:
    "@solana/codecs-core" "2.0.0"
    "@solana/errors" "2.0.0"

"@solana/codecs-strings@2.0.0":
  version "2.0.0"
  resolved "https://registry.yarnpkg.com/@solana/codecs-strings/-/codecs-strings-2.0.0.tgz#46e728adee9a4737c3ee811af452948aab31cbd4"
  integrity sha512-dNqeCypsvaHcjW86H0gYgAZGGkKVBeKVeh7WXlOZ9kno7PeQ2wNkpccyzDfuzaIsKv+HZUD3v/eo86GCvnKazQ==
  dependencies:
    "@solana/codecs-core" "2.0.0"
    "@solana/codecs-numbers" "2.0.0"
    "@solana/errors" "2.0.0"

"@solana/codecs@2.0.0":
  version "2.0.0"
  resolved "https://registry.yarnpkg.com/@solana/codecs/-/codecs-2.0.0.tgz#2a3f272932eebad5b8592e6263b068c7d0761e7f"
  integrity sha512-xneIG5ppE6WIGaZCK7JTys0uLhzlnEJUdBO8nRVIyerwH6aqCfb0fGe7q5WNNYAVDRSxC0Pc1TDe1hpdx3KWmQ==
  dependencies:
    "@solana/codecs-core" "2.0.0"
    "@solana/codecs-data-structures" "2.0.0"
    "@solana/codecs-numbers" "2.0.0"
    "@solana/codecs-strings" "2.0.0"
    "@solana/options" "2.0.0"

"@solana/errors@2.0.0":
  version "2.0.0"
  resolved "https://registry.yarnpkg.com/@solana/errors/-/errors-2.0.0.tgz#31c87baaf4b19aaa2a1d8bbc4dfa6efd449d7bbe"
  integrity sha512-IHlaPFSy4lvYco1oHJ3X8DbchWwAwJaL/4wZKnF1ugwZ0g0re8wbABrqNOe/jyZ84VU9Z14PYM8W9oDAebdJbw==
  dependencies:
    chalk "^5.3.0"
    commander "^12.1.0"

"@solana/fast-stable-stringify@2.0.0":
  version "2.0.0"
  resolved "https://registry.yarnpkg.com/@solana/fast-stable-stringify/-/fast-stable-stringify-2.0.0.tgz#ac06b304ee3e050c171bcbe885e91772e22e06fb"
  integrity sha512-EsIx9z+eoxOmC+FpzhEb+H67CCYTbs/omAqXD4EdEYnCHWrI1li1oYBV+NoKzfx8fKlX+nzNB7S/9kc4u7Etpw==

"@solana/functional@2.0.0":
  version "2.0.0"
  resolved "https://registry.yarnpkg.com/@solana/functional/-/functional-2.0.0.tgz#6e2468cc2ec334ee3c39609130520b3a5c8f9bc0"
  integrity sha512-Sj+sLiUTimnMEyGnSLGt0lbih2xPDUhxhonnrIkPwA+hjQ3ULGHAxeevHU06nqiVEgENQYUJ5rCtHs4xhUFAkQ==

"@solana/instructions@2.0.0":
  version "2.0.0"
  resolved "https://registry.yarnpkg.com/@solana/instructions/-/instructions-2.0.0.tgz#4062a2211b376dc2a9cc5a25ad50f1de0ea44e5b"
  integrity sha512-MiTEiNF7Pzp+Y+x4yadl2VUcNHboaW5WP52psBuhHns3GpbbruRv5efMpM9OEQNe1OsN+Eg39vjEidX55+P+DQ==
  dependencies:
    "@solana/errors" "2.0.0"

"@solana/keys@2.0.0":
  version "2.0.0"
  resolved "https://registry.yarnpkg.com/@solana/keys/-/keys-2.0.0.tgz#b4b31815265a003b8840028979e83e1b723ee02c"
  integrity sha512-SSLSX8BXRvfLKBqsmBghmlhMKpwHeWd5CHi5zXgTS1BRrtiU6lcrTVC9ie6B+WaNNq7oe3e6K5bdbhu3fFZ+0g==
  dependencies:
    "@solana/assertions" "2.0.0"
    "@solana/codecs-core" "2.0.0"
    "@solana/codecs-strings" "2.0.0"
    "@solana/errors" "2.0.0"

"@solana/options@2.0.0":
  version "2.0.0"
  resolved "https://registry.yarnpkg.com/@solana/options/-/options-2.0.0.tgz#0dbbecd8511c1e600cad8615a836c6e06c3191d5"
  integrity sha512-OVc4KnYosB8oAukQ/htgrxXSxlUP6gUu5Aau6d/BgEkPQzWd/Pr+w91VWw3i3zZuu2SGpedbyh05RoJBe/hSXA==
  dependencies:
    "@solana/codecs-core" "2.0.0"
    "@solana/codecs-data-structures" "2.0.0"
    "@solana/codecs-numbers" "2.0.0"
    "@solana/codecs-strings" "2.0.0"
    "@solana/errors" "2.0.0"

"@solana/programs@2.0.0":
  version "2.0.0"
  resolved "https://registry.yarnpkg.com/@solana/programs/-/programs-2.0.0.tgz#1c0fa1c98a8cf6fab3ac722fe768e110057eeaf9"
  integrity sha512-JPIKB61pWfODnsvEAaPALc6vR5rn7kmHLpFaviWhBtfUlEVgB8yVTR0MURe4+z+fJCPRV5wWss+svA4EeGDYzQ==
  dependencies:
    "@solana/addresses" "2.0.0"
    "@solana/errors" "2.0.0"

"@solana/promises@2.0.0":
  version "2.0.0"
  resolved "https://registry.yarnpkg.com/@solana/promises/-/promises-2.0.0.tgz#81c8ee7c706ea4c46892022666da51bb9da921ef"
  integrity sha512-4teQ52HDjK16ORrZe1zl+Q9WcZdQ+YEl0M1gk59XG7D0P9WqaVEQzeXGnKSCs+Y9bnB1u5xCJccwpUhHYWq6gg==

"@solana/rpc-api@2.0.0":
  version "2.0.0"
  resolved "https://registry.yarnpkg.com/@solana/rpc-api/-/rpc-api-2.0.0.tgz#84ab27beb3ec7416bc1aa263281a582060953450"
  integrity sha512-1FwitYxwADMF/6zKP2kNXg8ESxB6GhNBNW1c4f5dEmuXuBbeD/enLV3WMrpg8zJkIaaYarEFNbt7R7HyFzmURQ==
  dependencies:
    "@solana/addresses" "2.0.0"
    "@solana/codecs-core" "2.0.0"
    "@solana/codecs-strings" "2.0.0"
    "@solana/errors" "2.0.0"
    "@solana/keys" "2.0.0"
    "@solana/rpc-parsed-types" "2.0.0"
    "@solana/rpc-spec" "2.0.0"
    "@solana/rpc-transformers" "2.0.0"
    "@solana/rpc-types" "2.0.0"
    "@solana/transaction-messages" "2.0.0"
    "@solana/transactions" "2.0.0"

"@solana/rpc-parsed-types@2.0.0":
  version "2.0.0"
  resolved "https://registry.yarnpkg.com/@solana/rpc-parsed-types/-/rpc-parsed-types-2.0.0.tgz#b83840981ce816142681d4f091a314300d4b10ab"
  integrity sha512-VCeY/oKVEtBnp8EDOc5LSSiOeIOLFIgLndcxqU0ij/cZaQ01DOoHbhluvhZtU80Z3dUeicec8TiMgkFzed+WhQ==

"@solana/rpc-spec-types@2.0.0":
  version "2.0.0"
  resolved "https://registry.yarnpkg.com/@solana/rpc-spec-types/-/rpc-spec-types-2.0.0.tgz#49e46188f77aeeda0cf6f0e40117e2ba4a35cc14"
  integrity sha512-G2lmhFhgtxMQd/D6B04BHGE7bm5dMZdIPQNOqVGhzNAVjrmyapD3JN2hKAbmaYPe97wLfZERw0Ux1u4Y6q7TqA==

"@solana/rpc-spec@2.0.0":
  version "2.0.0"
  resolved "https://registry.yarnpkg.com/@solana/rpc-spec/-/rpc-spec-2.0.0.tgz#d0cbacd1c1dcb1a98d240488afd1e63878e7b17b"
  integrity sha512-1uIDzj7vocCUqfOifjv1zAuxQ53ugiup/42edVFoQLOnJresoEZLL6WjnsJq4oCTccEAvGhUBI1WWKeZTGNxFQ==
  dependencies:
    "@solana/errors" "2.0.0"
    "@solana/rpc-spec-types" "2.0.0"

"@solana/rpc-subscriptions-api@2.0.0":
  version "2.0.0"
  resolved "https://registry.yarnpkg.com/@solana/rpc-subscriptions-api/-/rpc-subscriptions-api-2.0.0.tgz#bd2e8ce566e9bf530d678ea4733472e1da5890af"
  integrity sha512-NAJQvSFXYIIf8zxsMFBCkSbZNZgT32pzPZ1V6ZAd+U2iDEjx3L+yFwoJgfOcHp8kAV+alsF2lIsGBlG4u+ehvw==
  dependencies:
    "@solana/addresses" "2.0.0"
    "@solana/keys" "2.0.0"
    "@solana/rpc-subscriptions-spec" "2.0.0"
    "@solana/rpc-transformers" "2.0.0"
    "@solana/rpc-types" "2.0.0"
    "@solana/transaction-messages" "2.0.0"
    "@solana/transactions" "2.0.0"

"@solana/rpc-subscriptions-channel-websocket@2.0.0":
  version "2.0.0"
  resolved "https://registry.yarnpkg.com/@solana/rpc-subscriptions-channel-websocket/-/rpc-subscriptions-channel-websocket-2.0.0.tgz#7bff107b03cafe7ead1cf3801d9ed8078a01217c"
  integrity sha512-hSQDZBmcp2t+gLZsSBqs/SqVw4RuNSC7njiP46azyzW7oGg8X2YPV36AHGsHD12KPsc0UpT1OAZ4+AN9meVKww==
  dependencies:
    "@solana/errors" "2.0.0"
    "@solana/functional" "2.0.0"
    "@solana/rpc-subscriptions-spec" "2.0.0"
    "@solana/subscribable" "2.0.0"

"@solana/rpc-subscriptions-spec@2.0.0":
  version "2.0.0"
  resolved "https://registry.yarnpkg.com/@solana/rpc-subscriptions-spec/-/rpc-subscriptions-spec-2.0.0.tgz#b476b449d917134476001c22c54fbeb69bfae4cb"
  integrity sha512-VXMiI3fYtU1PkVVTXL87pcY48ZY8aCi1N6FqtxSP2xg/GASL01j1qbwyIL1OvoCqGyRgIxdd/YfaByW9wmWBhA==
  dependencies:
    "@solana/errors" "2.0.0"
    "@solana/promises" "2.0.0"
    "@solana/rpc-spec-types" "2.0.0"
    "@solana/subscribable" "2.0.0"

"@solana/rpc-subscriptions@2.0.0":
  version "2.0.0"
  resolved "https://registry.yarnpkg.com/@solana/rpc-subscriptions/-/rpc-subscriptions-2.0.0.tgz#c512b261a428f550510fe855bb751c0638547d4f"
  integrity sha512-AdwMJHMrhlj7q1MPjZmVcKq3iLqMW3N0MT8kzIAP2vP+8o/d6Fn4aqGxoz2Hlfn3OYIZoYStN2VBtwzbcfEgMA==
  dependencies:
    "@solana/errors" "2.0.0"
    "@solana/fast-stable-stringify" "2.0.0"
    "@solana/functional" "2.0.0"
    "@solana/promises" "2.0.0"
    "@solana/rpc-spec-types" "2.0.0"
    "@solana/rpc-subscriptions-api" "2.0.0"
    "@solana/rpc-subscriptions-channel-websocket" "2.0.0"
    "@solana/rpc-subscriptions-spec" "2.0.0"
    "@solana/rpc-transformers" "2.0.0"
    "@solana/rpc-types" "2.0.0"
    "@solana/subscribable" "2.0.0"

"@solana/rpc-transformers@2.0.0":
  version "2.0.0"
  resolved "https://registry.yarnpkg.com/@solana/rpc-transformers/-/rpc-transformers-2.0.0.tgz#592f7a2cc18378bf29248d059d1142897edf497f"
  integrity sha512-H6tN0qcqzUangowsLLQtYXKJsf1Roe3/qJ1Cy0gv9ojY9uEvNbJqpeEj+7blv0MUZfEe+rECAwBhxxRKPMhYGw==
  dependencies:
    "@solana/errors" "2.0.0"
    "@solana/functional" "2.0.0"
    "@solana/rpc-spec-types" "2.0.0"
    "@solana/rpc-types" "2.0.0"

"@solana/rpc-transport-http@2.0.0":
  version "2.0.0"
  resolved "https://registry.yarnpkg.com/@solana/rpc-transport-http/-/rpc-transport-http-2.0.0.tgz#87aecad790dfefe723262778b3c3be73d9a35426"
  integrity sha512-UJLhKhhxDd1OPi8hb2AenHsDm1mofCBbhWn4bDCnH2Q3ulwYadUhcNqNbxjJPQ774VNhAf53SSI5A6PQo8IZSQ==
  dependencies:
    "@solana/errors" "2.0.0"
    "@solana/rpc-spec" "2.0.0"
    "@solana/rpc-spec-types" "2.0.0"
    undici-types "^6.20.0"

"@solana/rpc-types@2.0.0":
  version "2.0.0"
  resolved "https://registry.yarnpkg.com/@solana/rpc-types/-/rpc-types-2.0.0.tgz#332989671606914f9ab0d196cb94e83f626bef34"
  integrity sha512-o1ApB9PYR0A3XjVSOh//SOVWgjDcqMlR3UNmtqciuREIBmWqnvPirdOa5EJxD3iPhfA4gnNnhGzT+tMDeDW/Kw==
  dependencies:
    "@solana/addresses" "2.0.0"
    "@solana/codecs-core" "2.0.0"
    "@solana/codecs-numbers" "2.0.0"
    "@solana/codecs-strings" "2.0.0"
    "@solana/errors" "2.0.0"

"@solana/rpc@2.0.0":
  version "2.0.0"
  resolved "https://registry.yarnpkg.com/@solana/rpc/-/rpc-2.0.0.tgz#afc43a9be80f9c9b254da30bb31c2b3f34025c66"
  integrity sha512-TumQ9DFRpib/RyaIqLVfr7UjqSo7ldfzpae0tgjM93YjbItB4Z0VcUXc3uAFvkeYw2/HIMb46Zg43mkUwozjDg==
  dependencies:
    "@solana/errors" "2.0.0"
    "@solana/fast-stable-stringify" "2.0.0"
    "@solana/functional" "2.0.0"
    "@solana/rpc-api" "2.0.0"
    "@solana/rpc-spec" "2.0.0"
    "@solana/rpc-spec-types" "2.0.0"
    "@solana/rpc-transformers" "2.0.0"
    "@solana/rpc-transport-http" "2.0.0"
    "@solana/rpc-types" "2.0.0"

"@solana/signers@2.0.0":
  version "2.0.0"
  resolved "https://registry.yarnpkg.com/@solana/signers/-/signers-2.0.0.tgz#896f5e0fc17ea8e47042cfcb1c24b225cb8def3d"
  integrity sha512-JEYJS3x/iKkqPV/3b1nLpX9lHib21wQKV3fOuu1aDLQqmX9OYKrnIIITYdnFDhmvGhpEpkkbPnqu7yVaFIBYsQ==
  dependencies:
    "@solana/addresses" "2.0.0"
    "@solana/codecs-core" "2.0.0"
    "@solana/errors" "2.0.0"
    "@solana/instructions" "2.0.0"
    "@solana/keys" "2.0.0"
    "@solana/transaction-messages" "2.0.0"
    "@solana/transactions" "2.0.0"

"@solana/subscribable@2.0.0":
  version "2.0.0"
  resolved "https://registry.yarnpkg.com/@solana/subscribable/-/subscribable-2.0.0.tgz#6476bf253395c077f9fdbd4a9b83011734a86b06"
  integrity sha512-Ex7d2GnTSNVMZDU3z6nKN4agRDDgCgBDiLnmn1hmt0iFo3alr3gRAqiqa7qGouAtYh9/29pyc8tVJCijHWJPQQ==
  dependencies:
    "@solana/errors" "2.0.0"

"@solana/sysvars@2.0.0":
  version "2.0.0"
  resolved "https://registry.yarnpkg.com/@solana/sysvars/-/sysvars-2.0.0.tgz#60f1e3b918bfdd34420f1ca2d6458cc2538d16b7"
  integrity sha512-8D4ajKcCYQsTG1p4k30lre2vjxLR6S5MftUGJnIaQObDCzGmaeA9GRti4Kk4gSPWVYFTBoj1ASx8EcEXaB3eIQ==
  dependencies:
    "@solana/accounts" "2.0.0"
    "@solana/codecs" "2.0.0"
    "@solana/errors" "2.0.0"
    "@solana/rpc-types" "2.0.0"

"@solana/transaction-confirmation@2.0.0":
  version "2.0.0"
  resolved "https://registry.yarnpkg.com/@solana/transaction-confirmation/-/transaction-confirmation-2.0.0.tgz#53385e31f94ab6b1f35c25576cb478f383476c81"
  integrity sha512-JkTw5gXLiqQjf6xK0fpVcoJ/aMp2kagtFSD/BAOazdJ3UYzOzbzqvECt6uWa3ConcMswQ2vXalVtI7ZjmYuIeg==
  dependencies:
    "@solana/addresses" "2.0.0"
    "@solana/codecs-strings" "2.0.0"
    "@solana/errors" "2.0.0"
    "@solana/keys" "2.0.0"
    "@solana/promises" "2.0.0"
    "@solana/rpc" "2.0.0"
    "@solana/rpc-subscriptions" "2.0.0"
    "@solana/rpc-types" "2.0.0"
    "@solana/transaction-messages" "2.0.0"
    "@solana/transactions" "2.0.0"

"@solana/transaction-messages@2.0.0":
  version "2.0.0"
  resolved "https://registry.yarnpkg.com/@solana/transaction-messages/-/transaction-messages-2.0.0.tgz#ad362eb7f4a14efab31e5dfaa65f24959030d8f8"
  integrity sha512-Uc6Fw1EJLBrmgS1lH2ZfLAAKFvprWPQQzOVwZS78Pv8Whsk7tweYTK6S0Upv0nHr50rGpnORJfmdBrXE6OfNGg==
  dependencies:
    "@solana/addresses" "2.0.0"
    "@solana/codecs-core" "2.0.0"
    "@solana/codecs-data-structures" "2.0.0"
    "@solana/codecs-numbers" "2.0.0"
    "@solana/errors" "2.0.0"
    "@solana/functional" "2.0.0"
    "@solana/instructions" "2.0.0"
    "@solana/rpc-types" "2.0.0"

"@solana/transactions@2.0.0":
  version "2.0.0"
  resolved "https://registry.yarnpkg.com/@solana/transactions/-/transactions-2.0.0.tgz#c27cb998e2c701fc49bda2cc5ca896e6067840dc"
  integrity sha512-VfdTE+59WKvuBG//6iE9RPjAB+ZT2kLgY2CDHabaz6RkH6OjOkMez9fWPVa3Xtcus+YQWN1SnQoryjF/xSx04w==
  dependencies:
    "@solana/addresses" "2.0.0"
    "@solana/codecs-core" "2.0.0"
    "@solana/codecs-data-structures" "2.0.0"
    "@solana/codecs-numbers" "2.0.0"
    "@solana/codecs-strings" "2.0.0"
    "@solana/errors" "2.0.0"
    "@solana/functional" "2.0.0"
    "@solana/instructions" "2.0.0"
    "@solana/keys" "2.0.0"
    "@solana/rpc-types" "2.0.0"
    "@solana/transaction-messages" "2.0.0"

"@solana/web3.js@^2.0.0":
  version "2.0.0"
  resolved "https://registry.yarnpkg.com/@solana/web3.js/-/web3.js-2.0.0.tgz#192918343982e1964269b3adb2567532c1e12c89"
  integrity sha512-x+ZRB2/r5tVK/xw8QRbAfgPcX51G9f2ifEyAQ/J5npOO+6+MPeeCjtr5UxHNDAYs9Ypo0PN+YJATCO4vhzQJGg==
  dependencies:
    "@solana/accounts" "2.0.0"
    "@solana/addresses" "2.0.0"
    "@solana/codecs" "2.0.0"
    "@solana/errors" "2.0.0"
    "@solana/functional" "2.0.0"
    "@solana/instructions" "2.0.0"
    "@solana/keys" "2.0.0"
    "@solana/programs" "2.0.0"
    "@solana/rpc" "2.0.0"
    "@solana/rpc-parsed-types" "2.0.0"
    "@solana/rpc-spec-types" "2.0.0"
    "@solana/rpc-subscriptions" "2.0.0"
    "@solana/rpc-types" "2.0.0"
    "@solana/signers" "2.0.0"
    "@solana/sysvars" "2.0.0"
    "@solana/transaction-confirmation" "2.0.0"
    "@solana/transaction-messages" "2.0.0"
    "@solana/transactions" "2.0.0"

"@wry/caches@^1.0.0":
  version "1.0.1"
  resolved "https://registry.yarnpkg.com/@wry/caches/-/caches-1.0.1.tgz#8641fd3b6e09230b86ce8b93558d44cf1ece7e52"
  integrity sha512-bXuaUNLVVkD20wcGBWRyo7j9N3TxePEWFZj2Y+r9OoUzfqmavM84+mFykRicNsBqatba5JLay1t48wxaXaWnlA==
  dependencies:
    tslib "^2.3.0"

"@wry/context@^0.7.0":
  version "0.7.4"
  resolved "https://registry.yarnpkg.com/@wry/context/-/context-0.7.4.tgz#e32d750fa075955c4ab2cfb8c48095e1d42d5990"
  integrity sha512-jmT7Sb4ZQWI5iyu3lobQxICu2nC/vbUhP0vIdd6tHC9PTfenmRmuIFqktc6GH9cgi+ZHnsLWPvfSvc4DrYmKiQ==
  dependencies:
    tslib "^2.3.0"

"@wry/equality@^0.5.6":
  version "0.5.7"
  resolved "https://registry.yarnpkg.com/@wry/equality/-/equality-0.5.7.tgz#72ec1a73760943d439d56b7b1e9985aec5d497bb"
  integrity sha512-BRFORjsTuQv5gxcXsuDXx6oGRhuVsEGwZy6LOzRRfgu+eSfxbhUQ9L9YtSEIuIjY/o7g3iWFjrc5eSY1GXP2Dw==
  dependencies:
    tslib "^2.3.0"

"@wry/trie@^0.5.0":
  version "0.5.0"
  resolved "https://registry.yarnpkg.com/@wry/trie/-/trie-0.5.0.tgz#11e783f3a53f6e4cd1d42d2d1323f5bc3fa99c94"
  integrity sha512-FNoYzHawTMk/6KMQoEG5O4PuioX19UbwdQKF44yw0nLfOypfQdjtfZzo/UIJWAJ23sNIFbD1Ug9lbaDGMwbqQA==
  dependencies:
    tslib "^2.3.0"

async-sema@^3.1.1:
  version "3.1.1"
  resolved "https://registry.yarnpkg.com/async-sema/-/async-sema-3.1.1.tgz#e527c08758a0f8f6f9f15f799a173ff3c40ea808"
  integrity sha512-tLRNUXati5MFePdAk8dw7Qt7DpxPB60ofAgn8WRhW6a2rcimZnYBP9oxHiv0OHy+Wz7kPMG+t4LGdt31+4EmGg==

asynckit@^0.4.0:
  version "0.4.0"
  resolved "https://registry.yarnpkg.com/asynckit/-/asynckit-0.4.0.tgz#c79ed97f7f34cb8f2ba1bc9790bcc366474b4b79"
  integrity sha512-Oei9OH4tRh0YqU3GxhX79dM/mwVgvbZJaSNaRk+bshkj0S5cfHcgYakreBjrHwatXKbz+IoIdYLxrKim2MjW0Q==

axios@^1.7.9:
  version "1.7.9"
  resolved "https://registry.yarnpkg.com/axios/-/axios-1.7.9.tgz#d7d071380c132a24accda1b2cfc1535b79ec650a"
  integrity sha512-LhLcE7Hbiryz8oMDdDptSrWowmB4Bl6RCt6sIJKpRB4XtVf0iEgewX3au/pJqm+Py1kCASkb/FFKjxQaLtxJvw==
  dependencies:
    follow-redirects "^1.15.6"
    form-data "^4.0.0"
    proxy-from-env "^1.1.0"

chalk@^5.3.0:
  version "5.4.1"
  resolved "https://registry.yarnpkg.com/chalk/-/chalk-5.4.1.tgz#1b48bf0963ec158dce2aacf69c093ae2dd2092d8"
  integrity sha512-zgVZuo2WcZgfUEmsn6eO3kINexW8RAE4maiQ8QNs8CtpPCSyMiYsULR3HQYkm3w8FIA3SberyMJMSldGsW+U3w==

combined-stream@^1.0.8:
  version "1.0.8"
  resolved "https://registry.yarnpkg.com/combined-stream/-/combined-stream-1.0.8.tgz#c3d45a8b34fd730631a110a8a2520682b31d5a7f"
  integrity sha512-FQN4MRfuJeHf7cBbBMJFXhKSDq+2kAArBlmRBvcvFE5BB1HZKXtSFASDhdlz9zOYwxh8lDdnvmMOe/+5cdoEdg==
  dependencies:
    delayed-stream "~1.0.0"

commander@^12.1.0:
  version "12.1.0"
  resolved "https://registry.yarnpkg.com/commander/-/commander-12.1.0.tgz#01423b36f501259fdaac4d0e4d60c96c991585d3"
  integrity sha512-Vw8qHK3bZM9y/P10u3Vib8o/DdkvA2OtPtZvD871QKjy74Wj1WSKFILMPRPSdUSx5RFK1arlJzEtA4PkFgnbuA==

delayed-stream@~1.0.0:
  version "1.0.0"
  resolved "https://registry.yarnpkg.com/delayed-stream/-/delayed-stream-1.0.0.tgz#df3ae199acadfb7d440aaae0b29e2272b24ec619"
  integrity sha512-ZySD7Nf91aLB0RxL4KGrKHBXl7Eds1DAmEdcoVawXnLD7SDhpNgtuII2aAkg7a7QS41jxPSZ17p4VdGnMHk3MQ==

dotenv@^16.4.7:
  version "16.4.7"
  resolved "https://registry.yarnpkg.com/dotenv/-/dotenv-16.4.7.tgz#0e20c5b82950140aa99be360a8a5f52335f53c26"
  integrity sha512-47qPchRCykZC03FhkYAhrvwU4xDBFIj1QPqaarj6mdM/hgUzfPHcpkHJOn3mJAufFeeAxAzeGsr5X0M4k6fLZQ==

events@^3.3.0:
  version "3.3.0"
  resolved "https://registry.yarnpkg.com/events/-/events-3.3.0.tgz#31a95ad0a924e2d2c419a813aeb2c4e878ea7400"
  integrity sha512-mQw+2fkQbALzQ7V0MY0IqdnXNOeTtP4r0lN9z7AAawCXgqea7bDii20AYrIBrFd/Hx0M2Ocz6S111CaFkUcb0Q==

follow-redirects@^1.15.6:
  version "1.15.9"
  resolved "https://registry.yarnpkg.com/follow-redirects/-/follow-redirects-1.15.9.tgz#a604fa10e443bf98ca94228d9eebcc2e8a2c8ee1"
  integrity sha512-gew4GsXizNgdoRyqmyfMHyAmXsZDk6mHkSxZFCzW9gwlbtOW44CDtYavM+y+72qD/Vq2l550kMF52DT8fOLJqQ==

form-data@^4.0.0:
  version "4.0.1"
  resolved "https://registry.yarnpkg.com/form-data/-/form-data-4.0.1.tgz#ba1076daaaa5bfd7e99c1a6cb02aa0a5cff90d48"
  integrity sha512-tzN8e4TX8+kkxGPK8D5u0FNmjPUjw3lwC9lSLxxoB/+GtsJG91CO8bSWy73APlgAZzZbXEYZJuxjkHH2w+Ezhw==
  dependencies:
    asynckit "^0.4.0"
    combined-stream "^1.0.8"
    mime-types "^2.1.12"

graphql-tag@^2.12.6:
  version "2.12.6"
  resolved "https://registry.yarnpkg.com/graphql-tag/-/graphql-tag-2.12.6.tgz#d441a569c1d2537ef10ca3d1633b48725329b5f1"
  integrity sha512-FdSNcu2QQcWnM2VNvSCCDCVS5PpPqpzgFT8+GXzqJuoDd0CBncxCY278u4mhRO7tMgo2JjgJA5aZ+nWSQ/Z+xg==
  dependencies:
    tslib "^2.1.0"

hoist-non-react-statics@^3.3.2:
  version "3.3.2"
  resolved "https://registry.yarnpkg.com/hoist-non-react-statics/-/hoist-non-react-statics-3.3.2.tgz#ece0acaf71d62c2969c2ec59feff42a4b1a85b45"
  integrity sha512-/gGivxi8JPKWNm/W0jSmzcMPpfpPLc3dY/6GxhX2hQ9iGj3aDfklV4ET7NjKpSinLpJ5vafa9iiGIEZg10SfBw==
  dependencies:
    react-is "^16.7.0"

"js-tokens@^3.0.0 || ^4.0.0":
  version "4.0.0"
  resolved "https://registry.yarnpkg.com/js-tokens/-/js-tokens-4.0.0.tgz#19203fb59991df98e3a287050d4647cdeaf32499"
  integrity sha512-RdJUflcE3cUzKiMqQgsCu06FPu9UdIJO0beYbPhHN4k6apgJtifcoCtT9bcxOpYBtpD2kCM6Sbzg4CausW/PKQ==

loose-envify@^1.4.0:
  version "1.4.0"
  resolved "https://registry.yarnpkg.com/loose-envify/-/loose-envify-1.4.0.tgz#71ee51fa7be4caec1a63839f7e682d8132d30caf"
  integrity sha512-lyuxPGr/Wfhrlem2CL/UcnUc1zcqKAImBDzukY7Y5F/yQiNdko6+fRLevlw1HgMySw7f611UIY408EtxRSoK3Q==
  dependencies:
    js-tokens "^3.0.0 || ^4.0.0"

mime-db@1.52.0:
  version "1.52.0"
  resolved "https://registry.yarnpkg.com/mime-db/-/mime-db-1.52.0.tgz#bbabcdc02859f4987301c856e3387ce5ec43bf70"
  integrity sha512-sPU4uV7dYlvtWJxwwxHD0PuihVNiE7TyAbQ5SWxDCB9mUYvOgroQOwYQQOKPJ8CIbE+1ETVlOoK1UC2nU3gYvg==

mime-types@^2.1.12:
  version "2.1.35"
  resolved "https://registry.yarnpkg.com/mime-types/-/mime-types-2.1.35.tgz#381a871b62a734450660ae3deee44813f70d959a"
  integrity sha512-ZDY+bPm5zTTF+YpCrAU9nK0UgICYPT0QtT1NZWFv4s++TNkcgVaT0g6+4R2uI4MjQjzysHB1zxuWL50hzaeXiw==
  dependencies:
    mime-db "1.52.0"

object-assign@^4.1.1:
  version "4.1.1"
  resolved "https://registry.yarnpkg.com/object-assign/-/object-assign-4.1.1.tgz#2109adc7965887cfc05cbbd442cac8bfbb360863"
  integrity sha512-rJgTQnkUnH1sFw8yT6VSU3zD3sWmu6sZhIseY8VX+GRu3P6F7Fu+JNDoXfklElbLJSnc3FUQHVe4cU5hj+BcUg==

optimism@^0.18.0:
  version "0.18.1"
  resolved "https://registry.yarnpkg.com/optimism/-/optimism-0.18.1.tgz#5cf16847921413dbb0ac809907370388b9c6335f"
  integrity sha512-mLXNwWPa9dgFyDqkNi54sjDyNJ9/fTI6WGBLgnXku1vdKY/jovHfZT5r+aiVeFFLOz+foPNOm5YJ4mqgld2GBQ==
  dependencies:
    "@wry/caches" "^1.0.0"
    "@wry/context" "^0.7.0"
    "@wry/trie" "^0.5.0"
    tslib "^2.3.0"

prop-types@^15.7.2:
  version "15.8.1"
  resolved "https://registry.yarnpkg.com/prop-types/-/prop-types-15.8.1.tgz#67d87bf1a694f48435cf332c24af10214a3140b5"
  integrity sha512-oj87CgZICdulUohogVAR7AjlC0327U4el4L6eAvOqCeudMDVU0NThNaV+b9Df4dXgSP1gXMTnPdhfe/2qDH5cg==
  dependencies:
    loose-envify "^1.4.0"
    object-assign "^4.1.1"
    react-is "^16.13.1"

proxy-from-env@^1.1.0:
  version "1.1.0"
  resolved "https://registry.yarnpkg.com/proxy-from-env/-/proxy-from-env-1.1.0.tgz#e102f16ca355424865755d2c9e8ea4f24d58c3e2"
  integrity sha512-D+zkORCbA9f1tdWRK0RaCR3GPv50cMxcrz4X8k5LTSUD1Dkw47mKJEZQNunItRTkWwgtaUSo1RVFRIG9ZXiFYg==

react-is@^16.13.1, react-is@^16.7.0:
  version "16.13.1"
  resolved "https://registry.yarnpkg.com/react-is/-/react-is-16.13.1.tgz#789729a4dc36de2999dc156dd6c1d9c18cea56a4"
  integrity sha512-24e6ynE2H+OKt4kqsOvNd8kBpV65zoxbA4BVsEOB3ARVWQki/DHzaUoC5KuON/BiccDaCCTZBuOcfZs70kR8bQ==

rehackt@^0.1.0:
  version "0.1.0"
  resolved "https://registry.yarnpkg.com/rehackt/-/rehackt-0.1.0.tgz#a7c5e289c87345f70da8728a7eb878e5d03c696b"
  integrity sha512-7kRDOuLHB87D/JESKxQoRwv4DzbIdwkAGQ7p6QKGdVlY1IZheUnVhlk/4UZlNUVxdAXpyxikE3URsG067ybVzw==

symbol-observable@^4.0.0:
  version "4.0.0"
  resolved "https://registry.yarnpkg.com/symbol-observable/-/symbol-observable-4.0.0.tgz#5b425f192279e87f2f9b937ac8540d1984b39205"
  integrity sha512-b19dMThMV4HVFynSAM1++gBHAbk2Tc/osgLIBZMKsyqh34jb2e8Os7T6ZW/Bt3pJFdBTd2JwAnAAEQV7rSNvcQ==

ts-invariant@^0.10.3:
  version "0.10.3"
  resolved "https://registry.yarnpkg.com/ts-invariant/-/ts-invariant-0.10.3.tgz#3e048ff96e91459ffca01304dbc7f61c1f642f6c"
  integrity sha512-uivwYcQaxAucv1CzRp2n/QdYPo4ILf9VXgH19zEIjFx2EJufV16P0JtJVpYHy89DItG6Kwj2oIUjrcK5au+4tQ==
  dependencies:
    tslib "^2.1.0"

tslib@^2.1.0, tslib@^2.3.0:
  version "2.8.1"
  resolved "https://registry.yarnpkg.com/tslib/-/tslib-2.8.1.tgz#612efe4ed235d567e8aba5f2a5fab70280ade83f"
  integrity sha512-oJFu94HQb+KVduSUQL7wnpmqnfmLsOA/nAh6b6EH0wCEoK0/mPeXU6c3wKDV83MkOuHPRHtSXKKU99IBazS/2w==

undici-types@^6.20.0:
  version "6.21.0"
  resolved "https://registry.yarnpkg.com/undici-types/-/undici-types-6.21.0.tgz#691d00af3909be93a7faa13be61b3a5b50ef12cb"
  integrity sha512-iwDZqg0QAGrg9Rav5H4n0M64c3mkR59cJ6wQp+7C4nI0gsmExaedaYLNO44eT4AtBBwjbTiGPMlt2Md0T9H9JQ==

ws@^8.18.0:
  version "8.18.0"
  resolved "https://registry.yarnpkg.com/ws/-/ws-8.18.0.tgz#0d7505a6eafe2b0e712d232b42279f53bc289bbc"
  integrity sha512-8VbfWfHLbbwu3+N6OKsOMpBdT4kXPDDB9cJk2bJ6mh9ucxdlnNvH1e+roYkKmN9Nxw2yjz7VzeO9oOz2zJ04Pw==

zen-observable-ts@^1.2.5:
  version "1.2.5"
  resolved "https://registry.yarnpkg.com/zen-observable-ts/-/zen-observable-ts-1.2.5.tgz#6c6d9ea3d3a842812c6e9519209365a122ba8b58"
  integrity sha512-QZWQekv6iB72Naeake9hS1KxHlotfRpe+WGNbNx5/ta+R3DNjVO2bswf63gXlWDcs+EMd7XY8HfVQyP1X6T4Zg==
  dependencies:
    zen-observable "0.8.15"

zen-observable@0.8.15:
  version "0.8.15"
  resolved "https://registry.yarnpkg.com/zen-observable/-/zen-observable-0.8.15.tgz#96415c512d8e3ffd920afd3889604e30b9eaac15"
  integrity sha512-PQ2PC7R9rslx84ndNBZB/Dkv8V8fZEpk83RLgXtYd0fwUgEjseMn1Dgajh2x6S8QbZAFa9p2qVCEuYZNgve0dQ==
