lockfileVersion: '9.0'

settings:
  autoInstallPeers: true
  excludeLinksFromLockfile: false

importers:

  .:
    dependencies:
      '@solana/web3.js':
        specifier: ^2.0.0
        version: 2.0.0(fastestsmallesttextencoderdecoder@1.0.22)(typescript@5.7.3)(ws@8.18.0)
      axios:
        specifier: ^1.7.9
        version: 1.7.9
      ws:
        specifier: ^8.18.0
        version: 8.18.0

packages:

  '@solana/accounts@2.0.0':
    resolution: {integrity: sha512-1CE4P3QSDH5x+ZtSthMY2mn/ekROBnlT3/4f3CHDJicDvLQsgAq2yCvGHsYkK3ZA0mxhFLuhJVjuKASPnmG1rQ==}
    engines: {node: '>=20.18.0'}
    peerDependencies:
      typescript: '>=5'

  '@solana/addresses@2.0.0':
    resolution: {integrity: sha512-8n3c/mUlH1/z+pM8e7OJ6uDSXw26Be0dgYiokiqblO66DGQ0d+7pqFUFZ5pEGjJ9PU2lDTSfY8rHf4cemOqwzQ==}
    engines: {node: '>=20.18.0'}
    peerDependencies:
      typescript: '>=5'

  '@solana/assertions@2.0.0':
    resolution: {integrity: sha512-NyPPqZRNGXs/GAjfgsw7YS6vCTXWt4ibXveS+ciy5sdmp/0v3pA6DlzYjleF9Sljrew0IiON15rjaXamhDxYfQ==}
    engines: {node: '>=20.18.0'}
    peerDependencies:
      typescript: '>=5'

  '@solana/codecs-core@2.0.0':
    resolution: {integrity: sha512-qCG+3hDU5Pm8V6joJjR4j4Zv9md1z0RaecniNDIkEglnxmOUODnmPLWbtOjnDylfItyuZeDihK8hkewdj8cUtw==}
    engines: {node: '>=20.18.0'}
    peerDependencies:
      typescript: '>=5'

  '@solana/codecs-data-structures@2.0.0':
    resolution: {integrity: sha512-N98Y4jsrC/XeOgqrfsGqcOFIaOoMsKdAxOmy5oqVaEN67YoGSLNC9ROnqamOAOrsZdicTWx9/YLKFmQi9DPh1A==}
    engines: {node: '>=20.18.0'}
    peerDependencies:
      typescript: '>=5'

  '@solana/codecs-numbers@2.0.0':
    resolution: {integrity: sha512-r66i7VzJO1MZkQWZIAI6jjJOFVpnq0+FIabo2Z2ZDtrArFus/SbSEv543yCLeD2tdR/G/p+1+P5On10qF50Y1Q==}
    engines: {node: '>=20.18.0'}
    peerDependencies:
      typescript: '>=5'

  '@solana/codecs-strings@2.0.0':
    resolution: {integrity: sha512-dNqeCypsvaHcjW86H0gYgAZGGkKVBeKVeh7WXlOZ9kno7PeQ2wNkpccyzDfuzaIsKv+HZUD3v/eo86GCvnKazQ==}
    engines: {node: '>=20.18.0'}
    peerDependencies:
      fastestsmallesttextencoderdecoder: ^1.0.22
      typescript: '>=5'

  '@solana/codecs@2.0.0':
    resolution: {integrity: sha512-xneIG5ppE6WIGaZCK7JTys0uLhzlnEJUdBO8nRVIyerwH6aqCfb0fGe7q5WNNYAVDRSxC0Pc1TDe1hpdx3KWmQ==}
    engines: {node: '>=20.18.0'}
    peerDependencies:
      typescript: '>=5'

  '@solana/errors@2.0.0':
    resolution: {integrity: sha512-IHlaPFSy4lvYco1oHJ3X8DbchWwAwJaL/4wZKnF1ugwZ0g0re8wbABrqNOe/jyZ84VU9Z14PYM8W9oDAebdJbw==}
    engines: {node: '>=20.18.0'}
    hasBin: true
    peerDependencies:
      typescript: '>=5'

  '@solana/fast-stable-stringify@2.0.0':
    resolution: {integrity: sha512-EsIx9z+eoxOmC+FpzhEb+H67CCYTbs/omAqXD4EdEYnCHWrI1li1oYBV+NoKzfx8fKlX+nzNB7S/9kc4u7Etpw==}
    engines: {node: '>=20.18.0'}
    peerDependencies:
      typescript: '>=5'

  '@solana/functional@2.0.0':
    resolution: {integrity: sha512-Sj+sLiUTimnMEyGnSLGt0lbih2xPDUhxhonnrIkPwA+hjQ3ULGHAxeevHU06nqiVEgENQYUJ5rCtHs4xhUFAkQ==}
    engines: {node: '>=20.18.0'}
    peerDependencies:
      typescript: '>=5'

  '@solana/instructions@2.0.0':
    resolution: {integrity: sha512-MiTEiNF7Pzp+Y+x4yadl2VUcNHboaW5WP52psBuhHns3GpbbruRv5efMpM9OEQNe1OsN+Eg39vjEidX55+P+DQ==}
    engines: {node: '>=20.18.0'}
    peerDependencies:
      typescript: '>=5'

  '@solana/keys@2.0.0':
    resolution: {integrity: sha512-SSLSX8BXRvfLKBqsmBghmlhMKpwHeWd5CHi5zXgTS1BRrtiU6lcrTVC9ie6B+WaNNq7oe3e6K5bdbhu3fFZ+0g==}
    engines: {node: '>=20.18.0'}
    peerDependencies:
      typescript: '>=5'

  '@solana/options@2.0.0':
    resolution: {integrity: sha512-OVc4KnYosB8oAukQ/htgrxXSxlUP6gUu5Aau6d/BgEkPQzWd/Pr+w91VWw3i3zZuu2SGpedbyh05RoJBe/hSXA==}
    engines: {node: '>=20.18.0'}
    peerDependencies:
      typescript: '>=5'

  '@solana/programs@2.0.0':
    resolution: {integrity: sha512-JPIKB61pWfODnsvEAaPALc6vR5rn7kmHLpFaviWhBtfUlEVgB8yVTR0MURe4+z+fJCPRV5wWss+svA4EeGDYzQ==}
    engines: {node: '>=20.18.0'}
    peerDependencies:
      typescript: '>=5'

  '@solana/promises@2.0.0':
    resolution: {integrity: sha512-4teQ52HDjK16ORrZe1zl+Q9WcZdQ+YEl0M1gk59XG7D0P9WqaVEQzeXGnKSCs+Y9bnB1u5xCJccwpUhHYWq6gg==}
    engines: {node: '>=20.18.0'}
    peerDependencies:
      typescript: '>=5'

  '@solana/rpc-api@2.0.0':
    resolution: {integrity: sha512-1FwitYxwADMF/6zKP2kNXg8ESxB6GhNBNW1c4f5dEmuXuBbeD/enLV3WMrpg8zJkIaaYarEFNbt7R7HyFzmURQ==}
    engines: {node: '>=20.18.0'}
    peerDependencies:
      typescript: '>=5'

  '@solana/rpc-parsed-types@2.0.0':
    resolution: {integrity: sha512-VCeY/oKVEtBnp8EDOc5LSSiOeIOLFIgLndcxqU0ij/cZaQ01DOoHbhluvhZtU80Z3dUeicec8TiMgkFzed+WhQ==}
    engines: {node: '>=20.18.0'}
    peerDependencies:
      typescript: '>=5'

  '@solana/rpc-spec-types@2.0.0':
    resolution: {integrity: sha512-G2lmhFhgtxMQd/D6B04BHGE7bm5dMZdIPQNOqVGhzNAVjrmyapD3JN2hKAbmaYPe97wLfZERw0Ux1u4Y6q7TqA==}
    engines: {node: '>=20.18.0'}
    peerDependencies:
      typescript: '>=5'

  '@solana/rpc-spec@2.0.0':
    resolution: {integrity: sha512-1uIDzj7vocCUqfOifjv1zAuxQ53ugiup/42edVFoQLOnJresoEZLL6WjnsJq4oCTccEAvGhUBI1WWKeZTGNxFQ==}
    engines: {node: '>=20.18.0'}
    peerDependencies:
      typescript: '>=5'

  '@solana/rpc-subscriptions-api@2.0.0':
    resolution: {integrity: sha512-NAJQvSFXYIIf8zxsMFBCkSbZNZgT32pzPZ1V6ZAd+U2iDEjx3L+yFwoJgfOcHp8kAV+alsF2lIsGBlG4u+ehvw==}
    engines: {node: '>=20.18.0'}
    peerDependencies:
      typescript: '>=5'

  '@solana/rpc-subscriptions-channel-websocket@2.0.0':
    resolution: {integrity: sha512-hSQDZBmcp2t+gLZsSBqs/SqVw4RuNSC7njiP46azyzW7oGg8X2YPV36AHGsHD12KPsc0UpT1OAZ4+AN9meVKww==}
    engines: {node: '>=20.18.0'}
    peerDependencies:
      typescript: '>=5'
      ws: ^8.18.0

  '@solana/rpc-subscriptions-spec@2.0.0':
    resolution: {integrity: sha512-VXMiI3fYtU1PkVVTXL87pcY48ZY8aCi1N6FqtxSP2xg/GASL01j1qbwyIL1OvoCqGyRgIxdd/YfaByW9wmWBhA==}
    engines: {node: '>=20.18.0'}
    peerDependencies:
      typescript: '>=5'

  '@solana/rpc-subscriptions@2.0.0':
    resolution: {integrity: sha512-AdwMJHMrhlj7q1MPjZmVcKq3iLqMW3N0MT8kzIAP2vP+8o/d6Fn4aqGxoz2Hlfn3OYIZoYStN2VBtwzbcfEgMA==}
    engines: {node: '>=20.18.0'}
    peerDependencies:
      typescript: '>=5'

  '@solana/rpc-transformers@2.0.0':
    resolution: {integrity: sha512-H6tN0qcqzUangowsLLQtYXKJsf1Roe3/qJ1Cy0gv9ojY9uEvNbJqpeEj+7blv0MUZfEe+rECAwBhxxRKPMhYGw==}
    engines: {node: '>=20.18.0'}
    peerDependencies:
      typescript: '>=5'

  '@solana/rpc-transport-http@2.0.0':
    resolution: {integrity: sha512-UJLhKhhxDd1OPi8hb2AenHsDm1mofCBbhWn4bDCnH2Q3ulwYadUhcNqNbxjJPQ774VNhAf53SSI5A6PQo8IZSQ==}
    engines: {node: '>=20.18.0'}
    peerDependencies:
      typescript: '>=5'

  '@solana/rpc-types@2.0.0':
    resolution: {integrity: sha512-o1ApB9PYR0A3XjVSOh//SOVWgjDcqMlR3UNmtqciuREIBmWqnvPirdOa5EJxD3iPhfA4gnNnhGzT+tMDeDW/Kw==}
    engines: {node: '>=20.18.0'}
    peerDependencies:
      typescript: '>=5'

  '@solana/rpc@2.0.0':
    resolution: {integrity: sha512-TumQ9DFRpib/RyaIqLVfr7UjqSo7ldfzpae0tgjM93YjbItB4Z0VcUXc3uAFvkeYw2/HIMb46Zg43mkUwozjDg==}
    engines: {node: '>=20.18.0'}
    peerDependencies:
      typescript: '>=5'

  '@solana/signers@2.0.0':
    resolution: {integrity: sha512-JEYJS3x/iKkqPV/3b1nLpX9lHib21wQKV3fOuu1aDLQqmX9OYKrnIIITYdnFDhmvGhpEpkkbPnqu7yVaFIBYsQ==}
    engines: {node: '>=20.18.0'}
    peerDependencies:
      typescript: '>=5'

  '@solana/subscribable@2.0.0':
    resolution: {integrity: sha512-Ex7d2GnTSNVMZDU3z6nKN4agRDDgCgBDiLnmn1hmt0iFo3alr3gRAqiqa7qGouAtYh9/29pyc8tVJCijHWJPQQ==}
    engines: {node: '>=20.18.0'}
    peerDependencies:
      typescript: '>=5'

  '@solana/sysvars@2.0.0':
    resolution: {integrity: sha512-8D4ajKcCYQsTG1p4k30lre2vjxLR6S5MftUGJnIaQObDCzGmaeA9GRti4Kk4gSPWVYFTBoj1ASx8EcEXaB3eIQ==}
    engines: {node: '>=20.18.0'}
    peerDependencies:
      typescript: '>=5'

  '@solana/transaction-confirmation@2.0.0':
    resolution: {integrity: sha512-JkTw5gXLiqQjf6xK0fpVcoJ/aMp2kagtFSD/BAOazdJ3UYzOzbzqvECt6uWa3ConcMswQ2vXalVtI7ZjmYuIeg==}
    engines: {node: '>=20.18.0'}
    peerDependencies:
      typescript: '>=5'

  '@solana/transaction-messages@2.0.0':
    resolution: {integrity: sha512-Uc6Fw1EJLBrmgS1lH2ZfLAAKFvprWPQQzOVwZS78Pv8Whsk7tweYTK6S0Upv0nHr50rGpnORJfmdBrXE6OfNGg==}
    engines: {node: '>=20.18.0'}
    peerDependencies:
      typescript: '>=5'

  '@solana/transactions@2.0.0':
    resolution: {integrity: sha512-VfdTE+59WKvuBG//6iE9RPjAB+ZT2kLgY2CDHabaz6RkH6OjOkMez9fWPVa3Xtcus+YQWN1SnQoryjF/xSx04w==}
    engines: {node: '>=20.18.0'}
    peerDependencies:
      typescript: '>=5'

  '@solana/web3.js@2.0.0':
    resolution: {integrity: sha512-x+ZRB2/r5tVK/xw8QRbAfgPcX51G9f2ifEyAQ/J5npOO+6+MPeeCjtr5UxHNDAYs9Ypo0PN+YJATCO4vhzQJGg==}
    engines: {node: '>=20.18.0'}
    peerDependencies:
      typescript: '>=5'

  asynckit@0.4.0:
    resolution: {integrity: sha512-Oei9OH4tRh0YqU3GxhX79dM/mwVgvbZJaSNaRk+bshkj0S5cfHcgYakreBjrHwatXKbz+IoIdYLxrKim2MjW0Q==}

  axios@1.7.9:
    resolution: {integrity: sha512-LhLcE7Hbiryz8oMDdDptSrWowmB4Bl6RCt6sIJKpRB4XtVf0iEgewX3au/pJqm+Py1kCASkb/FFKjxQaLtxJvw==}

  chalk@5.4.1:
    resolution: {integrity: sha512-zgVZuo2WcZgfUEmsn6eO3kINexW8RAE4maiQ8QNs8CtpPCSyMiYsULR3HQYkm3w8FIA3SberyMJMSldGsW+U3w==}
    engines: {node: ^12.17.0 || ^14.13 || >=16.0.0}

  combined-stream@1.0.8:
    resolution: {integrity: sha512-FQN4MRfuJeHf7cBbBMJFXhKSDq+2kAArBlmRBvcvFE5BB1HZKXtSFASDhdlz9zOYwxh8lDdnvmMOe/+5cdoEdg==}
    engines: {node: '>= 0.8'}

  commander@12.1.0:
    resolution: {integrity: sha512-Vw8qHK3bZM9y/P10u3Vib8o/DdkvA2OtPtZvD871QKjy74Wj1WSKFILMPRPSdUSx5RFK1arlJzEtA4PkFgnbuA==}
    engines: {node: '>=18'}

  delayed-stream@1.0.0:
    resolution: {integrity: sha512-ZySD7Nf91aLB0RxL4KGrKHBXl7Eds1DAmEdcoVawXnLD7SDhpNgtuII2aAkg7a7QS41jxPSZ17p4VdGnMHk3MQ==}
    engines: {node: '>=0.4.0'}

  fastestsmallesttextencoderdecoder@1.0.22:
    resolution: {integrity: sha512-Pb8d48e+oIuY4MaM64Cd7OW1gt4nxCHs7/ddPPZ/Ic3sg8yVGM7O9wDvZ7us6ScaUupzM+pfBolwtYhN1IxBIw==}

  follow-redirects@1.15.9:
    resolution: {integrity: sha512-gew4GsXizNgdoRyqmyfMHyAmXsZDk6mHkSxZFCzW9gwlbtOW44CDtYavM+y+72qD/Vq2l550kMF52DT8fOLJqQ==}
    engines: {node: '>=4.0'}
    peerDependencies:
      debug: '*'
    peerDependenciesMeta:
      debug:
        optional: true

  form-data@4.0.1:
    resolution: {integrity: sha512-tzN8e4TX8+kkxGPK8D5u0FNmjPUjw3lwC9lSLxxoB/+GtsJG91CO8bSWy73APlgAZzZbXEYZJuxjkHH2w+Ezhw==}
    engines: {node: '>= 6'}

  mime-db@1.52.0:
    resolution: {integrity: sha512-sPU4uV7dYlvtWJxwwxHD0PuihVNiE7TyAbQ5SWxDCB9mUYvOgroQOwYQQOKPJ8CIbE+1ETVlOoK1UC2nU3gYvg==}
    engines: {node: '>= 0.6'}

  mime-types@2.1.35:
    resolution: {integrity: sha512-ZDY+bPm5zTTF+YpCrAU9nK0UgICYPT0QtT1NZWFv4s++TNkcgVaT0g6+4R2uI4MjQjzysHB1zxuWL50hzaeXiw==}
    engines: {node: '>= 0.6'}

  proxy-from-env@1.1.0:
    resolution: {integrity: sha512-D+zkORCbA9f1tdWRK0RaCR3GPv50cMxcrz4X8k5LTSUD1Dkw47mKJEZQNunItRTkWwgtaUSo1RVFRIG9ZXiFYg==}

  typescript@5.7.3:
    resolution: {integrity: sha512-84MVSjMEHP+FQRPy3pX9sTVV/INIex71s9TL2Gm5FG/WG1SqXeKyZ0k7/blY/4FdOzI12CBy1vGc4og/eus0fw==}
    engines: {node: '>=14.17'}
    hasBin: true

  undici-types@6.21.0:
    resolution: {integrity: sha512-iwDZqg0QAGrg9Rav5H4n0M64c3mkR59cJ6wQp+7C4nI0gsmExaedaYLNO44eT4AtBBwjbTiGPMlt2Md0T9H9JQ==}

  ws@8.18.0:
    resolution: {integrity: sha512-8VbfWfHLbbwu3+N6OKsOMpBdT4kXPDDB9cJk2bJ6mh9ucxdlnNvH1e+roYkKmN9Nxw2yjz7VzeO9oOz2zJ04Pw==}
    engines: {node: '>=10.0.0'}
    peerDependencies:
      bufferutil: ^4.0.1
      utf-8-validate: '>=5.0.2'
    peerDependenciesMeta:
      bufferutil:
        optional: true
      utf-8-validate:
        optional: true

snapshots:

  '@solana/accounts@2.0.0(fastestsmallesttextencoderdecoder@1.0.22)(typescript@5.7.3)':
    dependencies:
      '@solana/addresses': 2.0.0(fastestsmallesttextencoderdecoder@1.0.22)(typescript@5.7.3)
      '@solana/codecs-core': 2.0.0(typescript@5.7.3)
      '@solana/codecs-strings': 2.0.0(fastestsmallesttextencoderdecoder@1.0.22)(typescript@5.7.3)
      '@solana/errors': 2.0.0(typescript@5.7.3)
      '@solana/rpc-spec': 2.0.0(typescript@5.7.3)
      '@solana/rpc-types': 2.0.0(fastestsmallesttextencoderdecoder@1.0.22)(typescript@5.7.3)
      typescript: 5.7.3
    transitivePeerDependencies:
      - fastestsmallesttextencoderdecoder

  '@solana/addresses@2.0.0(fastestsmallesttextencoderdecoder@1.0.22)(typescript@5.7.3)':
    dependencies:
      '@solana/assertions': 2.0.0(typescript@5.7.3)
      '@solana/codecs-core': 2.0.0(typescript@5.7.3)
      '@solana/codecs-strings': 2.0.0(fastestsmallesttextencoderdecoder@1.0.22)(typescript@5.7.3)
      '@solana/errors': 2.0.0(typescript@5.7.3)
      typescript: 5.7.3
    transitivePeerDependencies:
      - fastestsmallesttextencoderdecoder

  '@solana/assertions@2.0.0(typescript@5.7.3)':
    dependencies:
      '@solana/errors': 2.0.0(typescript@5.7.3)
      typescript: 5.7.3

  '@solana/codecs-core@2.0.0(typescript@5.7.3)':
    dependencies:
      '@solana/errors': 2.0.0(typescript@5.7.3)
      typescript: 5.7.3

  '@solana/codecs-data-structures@2.0.0(typescript@5.7.3)':
    dependencies:
      '@solana/codecs-core': 2.0.0(typescript@5.7.3)
      '@solana/codecs-numbers': 2.0.0(typescript@5.7.3)
      '@solana/errors': 2.0.0(typescript@5.7.3)
      typescript: 5.7.3

  '@solana/codecs-numbers@2.0.0(typescript@5.7.3)':
    dependencies:
      '@solana/codecs-core': 2.0.0(typescript@5.7.3)
      '@solana/errors': 2.0.0(typescript@5.7.3)
      typescript: 5.7.3

  '@solana/codecs-strings@2.0.0(fastestsmallesttextencoderdecoder@1.0.22)(typescript@5.7.3)':
    dependencies:
      '@solana/codecs-core': 2.0.0(typescript@5.7.3)
      '@solana/codecs-numbers': 2.0.0(typescript@5.7.3)
      '@solana/errors': 2.0.0(typescript@5.7.3)
      fastestsmallesttextencoderdecoder: 1.0.22
      typescript: 5.7.3

  '@solana/codecs@2.0.0(fastestsmallesttextencoderdecoder@1.0.22)(typescript@5.7.3)':
    dependencies:
      '@solana/codecs-core': 2.0.0(typescript@5.7.3)
      '@solana/codecs-data-structures': 2.0.0(typescript@5.7.3)
      '@solana/codecs-numbers': 2.0.0(typescript@5.7.3)
      '@solana/codecs-strings': 2.0.0(fastestsmallesttextencoderdecoder@1.0.22)(typescript@5.7.3)
      '@solana/options': 2.0.0(fastestsmallesttextencoderdecoder@1.0.22)(typescript@5.7.3)
      typescript: 5.7.3
    transitivePeerDependencies:
      - fastestsmallesttextencoderdecoder

  '@solana/errors@2.0.0(typescript@5.7.3)':
    dependencies:
      chalk: 5.4.1
      commander: 12.1.0
      typescript: 5.7.3

  '@solana/fast-stable-stringify@2.0.0(typescript@5.7.3)':
    dependencies:
      typescript: 5.7.3

  '@solana/functional@2.0.0(typescript@5.7.3)':
    dependencies:
      typescript: 5.7.3

  '@solana/instructions@2.0.0(typescript@5.7.3)':
    dependencies:
      '@solana/errors': 2.0.0(typescript@5.7.3)
      typescript: 5.7.3

  '@solana/keys@2.0.0(fastestsmallesttextencoderdecoder@1.0.22)(typescript@5.7.3)':
    dependencies:
      '@solana/assertions': 2.0.0(typescript@5.7.3)
      '@solana/codecs-core': 2.0.0(typescript@5.7.3)
      '@solana/codecs-strings': 2.0.0(fastestsmallesttextencoderdecoder@1.0.22)(typescript@5.7.3)
      '@solana/errors': 2.0.0(typescript@5.7.3)
      typescript: 5.7.3
    transitivePeerDependencies:
      - fastestsmallesttextencoderdecoder

  '@solana/options@2.0.0(fastestsmallesttextencoderdecoder@1.0.22)(typescript@5.7.3)':
    dependencies:
      '@solana/codecs-core': 2.0.0(typescript@5.7.3)
      '@solana/codecs-data-structures': 2.0.0(typescript@5.7.3)
      '@solana/codecs-numbers': 2.0.0(typescript@5.7.3)
      '@solana/codecs-strings': 2.0.0(fastestsmallesttextencoderdecoder@1.0.22)(typescript@5.7.3)
      '@solana/errors': 2.0.0(typescript@5.7.3)
      typescript: 5.7.3
    transitivePeerDependencies:
      - fastestsmallesttextencoderdecoder

  '@solana/programs@2.0.0(fastestsmallesttextencoderdecoder@1.0.22)(typescript@5.7.3)':
    dependencies:
      '@solana/addresses': 2.0.0(fastestsmallesttextencoderdecoder@1.0.22)(typescript@5.7.3)
      '@solana/errors': 2.0.0(typescript@5.7.3)
      typescript: 5.7.3
    transitivePeerDependencies:
      - fastestsmallesttextencoderdecoder

  '@solana/promises@2.0.0(typescript@5.7.3)':
    dependencies:
      typescript: 5.7.3

  '@solana/rpc-api@2.0.0(fastestsmallesttextencoderdecoder@1.0.22)(typescript@5.7.3)':
    dependencies:
      '@solana/addresses': 2.0.0(fastestsmallesttextencoderdecoder@1.0.22)(typescript@5.7.3)
      '@solana/codecs-core': 2.0.0(typescript@5.7.3)
      '@solana/codecs-strings': 2.0.0(fastestsmallesttextencoderdecoder@1.0.22)(typescript@5.7.3)
      '@solana/errors': 2.0.0(typescript@5.7.3)
      '@solana/keys': 2.0.0(fastestsmallesttextencoderdecoder@1.0.22)(typescript@5.7.3)
      '@solana/rpc-parsed-types': 2.0.0(typescript@5.7.3)
      '@solana/rpc-spec': 2.0.0(typescript@5.7.3)
      '@solana/rpc-transformers': 2.0.0(fastestsmallesttextencoderdecoder@1.0.22)(typescript@5.7.3)
      '@solana/rpc-types': 2.0.0(fastestsmallesttextencoderdecoder@1.0.22)(typescript@5.7.3)
      '@solana/transaction-messages': 2.0.0(fastestsmallesttextencoderdecoder@1.0.22)(typescript@5.7.3)
      '@solana/transactions': 2.0.0(fastestsmallesttextencoderdecoder@1.0.22)(typescript@5.7.3)
      typescript: 5.7.3
    transitivePeerDependencies:
      - fastestsmallesttextencoderdecoder

  '@solana/rpc-parsed-types@2.0.0(typescript@5.7.3)':
    dependencies:
      typescript: 5.7.3

  '@solana/rpc-spec-types@2.0.0(typescript@5.7.3)':
    dependencies:
      typescript: 5.7.3

  '@solana/rpc-spec@2.0.0(typescript@5.7.3)':
    dependencies:
      '@solana/errors': 2.0.0(typescript@5.7.3)
      '@solana/rpc-spec-types': 2.0.0(typescript@5.7.3)
      typescript: 5.7.3

  '@solana/rpc-subscriptions-api@2.0.0(fastestsmallesttextencoderdecoder@1.0.22)(typescript@5.7.3)':
    dependencies:
      '@solana/addresses': 2.0.0(fastestsmallesttextencoderdecoder@1.0.22)(typescript@5.7.3)
      '@solana/keys': 2.0.0(fastestsmallesttextencoderdecoder@1.0.22)(typescript@5.7.3)
      '@solana/rpc-subscriptions-spec': 2.0.0(typescript@5.7.3)
      '@solana/rpc-transformers': 2.0.0(fastestsmallesttextencoderdecoder@1.0.22)(typescript@5.7.3)
      '@solana/rpc-types': 2.0.0(fastestsmallesttextencoderdecoder@1.0.22)(typescript@5.7.3)
      '@solana/transaction-messages': 2.0.0(fastestsmallesttextencoderdecoder@1.0.22)(typescript@5.7.3)
      '@solana/transactions': 2.0.0(fastestsmallesttextencoderdecoder@1.0.22)(typescript@5.7.3)
      typescript: 5.7.3
    transitivePeerDependencies:
      - fastestsmallesttextencoderdecoder

  '@solana/rpc-subscriptions-channel-websocket@2.0.0(typescript@5.7.3)(ws@8.18.0)':
    dependencies:
      '@solana/errors': 2.0.0(typescript@5.7.3)
      '@solana/functional': 2.0.0(typescript@5.7.3)
      '@solana/rpc-subscriptions-spec': 2.0.0(typescript@5.7.3)
      '@solana/subscribable': 2.0.0(typescript@5.7.3)
      typescript: 5.7.3
      ws: 8.18.0

  '@solana/rpc-subscriptions-spec@2.0.0(typescript@5.7.3)':
    dependencies:
      '@solana/errors': 2.0.0(typescript@5.7.3)
      '@solana/promises': 2.0.0(typescript@5.7.3)
      '@solana/rpc-spec-types': 2.0.0(typescript@5.7.3)
      '@solana/subscribable': 2.0.0(typescript@5.7.3)
      typescript: 5.7.3

  '@solana/rpc-subscriptions@2.0.0(fastestsmallesttextencoderdecoder@1.0.22)(typescript@5.7.3)(ws@8.18.0)':
    dependencies:
      '@solana/errors': 2.0.0(typescript@5.7.3)
      '@solana/fast-stable-stringify': 2.0.0(typescript@5.7.3)
      '@solana/functional': 2.0.0(typescript@5.7.3)
      '@solana/promises': 2.0.0(typescript@5.7.3)
      '@solana/rpc-spec-types': 2.0.0(typescript@5.7.3)
      '@solana/rpc-subscriptions-api': 2.0.0(fastestsmallesttextencoderdecoder@1.0.22)(typescript@5.7.3)
      '@solana/rpc-subscriptions-channel-websocket': 2.0.0(typescript@5.7.3)(ws@8.18.0)
      '@solana/rpc-subscriptions-spec': 2.0.0(typescript@5.7.3)
      '@solana/rpc-transformers': 2.0.0(fastestsmallesttextencoderdecoder@1.0.22)(typescript@5.7.3)
      '@solana/rpc-types': 2.0.0(fastestsmallesttextencoderdecoder@1.0.22)(typescript@5.7.3)
      '@solana/subscribable': 2.0.0(typescript@5.7.3)
      typescript: 5.7.3
    transitivePeerDependencies:
      - fastestsmallesttextencoderdecoder
      - ws

  '@solana/rpc-transformers@2.0.0(fastestsmallesttextencoderdecoder@1.0.22)(typescript@5.7.3)':
    dependencies:
      '@solana/errors': 2.0.0(typescript@5.7.3)
      '@solana/functional': 2.0.0(typescript@5.7.3)
      '@solana/rpc-spec-types': 2.0.0(typescript@5.7.3)
      '@solana/rpc-types': 2.0.0(fastestsmallesttextencoderdecoder@1.0.22)(typescript@5.7.3)
      typescript: 5.7.3
    transitivePeerDependencies:
      - fastestsmallesttextencoderdecoder

  '@solana/rpc-transport-http@2.0.0(typescript@5.7.3)':
    dependencies:
      '@solana/errors': 2.0.0(typescript@5.7.3)
      '@solana/rpc-spec': 2.0.0(typescript@5.7.3)
      '@solana/rpc-spec-types': 2.0.0(typescript@5.7.3)
      typescript: 5.7.3
      undici-types: 6.21.0

  '@solana/rpc-types@2.0.0(fastestsmallesttextencoderdecoder@1.0.22)(typescript@5.7.3)':
    dependencies:
      '@solana/addresses': 2.0.0(fastestsmallesttextencoderdecoder@1.0.22)(typescript@5.7.3)
      '@solana/codecs-core': 2.0.0(typescript@5.7.3)
      '@solana/codecs-numbers': 2.0.0(typescript@5.7.3)
      '@solana/codecs-strings': 2.0.0(fastestsmallesttextencoderdecoder@1.0.22)(typescript@5.7.3)
      '@solana/errors': 2.0.0(typescript@5.7.3)
      typescript: 5.7.3
    transitivePeerDependencies:
      - fastestsmallesttextencoderdecoder

  '@solana/rpc@2.0.0(fastestsmallesttextencoderdecoder@1.0.22)(typescript@5.7.3)':
    dependencies:
      '@solana/errors': 2.0.0(typescript@5.7.3)
      '@solana/fast-stable-stringify': 2.0.0(typescript@5.7.3)
      '@solana/functional': 2.0.0(typescript@5.7.3)
      '@solana/rpc-api': 2.0.0(fastestsmallesttextencoderdecoder@1.0.22)(typescript@5.7.3)
      '@solana/rpc-spec': 2.0.0(typescript@5.7.3)
      '@solana/rpc-spec-types': 2.0.0(typescript@5.7.3)
      '@solana/rpc-transformers': 2.0.0(fastestsmallesttextencoderdecoder@1.0.22)(typescript@5.7.3)
      '@solana/rpc-transport-http': 2.0.0(typescript@5.7.3)
      '@solana/rpc-types': 2.0.0(fastestsmallesttextencoderdecoder@1.0.22)(typescript@5.7.3)
      typescript: 5.7.3
    transitivePeerDependencies:
      - fastestsmallesttextencoderdecoder

  '@solana/signers@2.0.0(fastestsmallesttextencoderdecoder@1.0.22)(typescript@5.7.3)':
    dependencies:
      '@solana/addresses': 2.0.0(fastestsmallesttextencoderdecoder@1.0.22)(typescript@5.7.3)
      '@solana/codecs-core': 2.0.0(typescript@5.7.3)
      '@solana/errors': 2.0.0(typescript@5.7.3)
      '@solana/instructions': 2.0.0(typescript@5.7.3)
      '@solana/keys': 2.0.0(fastestsmallesttextencoderdecoder@1.0.22)(typescript@5.7.3)
      '@solana/transaction-messages': 2.0.0(fastestsmallesttextencoderdecoder@1.0.22)(typescript@5.7.3)
      '@solana/transactions': 2.0.0(fastestsmallesttextencoderdecoder@1.0.22)(typescript@5.7.3)
      typescript: 5.7.3
    transitivePeerDependencies:
      - fastestsmallesttextencoderdecoder

  '@solana/subscribable@2.0.0(typescript@5.7.3)':
    dependencies:
      '@solana/errors': 2.0.0(typescript@5.7.3)
      typescript: 5.7.3

  '@solana/sysvars@2.0.0(fastestsmallesttextencoderdecoder@1.0.22)(typescript@5.7.3)':
    dependencies:
      '@solana/accounts': 2.0.0(fastestsmallesttextencoderdecoder@1.0.22)(typescript@5.7.3)
      '@solana/codecs': 2.0.0(fastestsmallesttextencoderdecoder@1.0.22)(typescript@5.7.3)
      '@solana/errors': 2.0.0(typescript@5.7.3)
      '@solana/rpc-types': 2.0.0(fastestsmallesttextencoderdecoder@1.0.22)(typescript@5.7.3)
      typescript: 5.7.3
    transitivePeerDependencies:
      - fastestsmallesttextencoderdecoder

  '@solana/transaction-confirmation@2.0.0(fastestsmallesttextencoderdecoder@1.0.22)(typescript@5.7.3)(ws@8.18.0)':
    dependencies:
      '@solana/addresses': 2.0.0(fastestsmallesttextencoderdecoder@1.0.22)(typescript@5.7.3)
      '@solana/codecs-strings': 2.0.0(fastestsmallesttextencoderdecoder@1.0.22)(typescript@5.7.3)
      '@solana/errors': 2.0.0(typescript@5.7.3)
      '@solana/keys': 2.0.0(fastestsmallesttextencoderdecoder@1.0.22)(typescript@5.7.3)
      '@solana/promises': 2.0.0(typescript@5.7.3)
      '@solana/rpc': 2.0.0(fastestsmallesttextencoderdecoder@1.0.22)(typescript@5.7.3)
      '@solana/rpc-subscriptions': 2.0.0(fastestsmallesttextencoderdecoder@1.0.22)(typescript@5.7.3)(ws@8.18.0)
      '@solana/rpc-types': 2.0.0(fastestsmallesttextencoderdecoder@1.0.22)(typescript@5.7.3)
      '@solana/transaction-messages': 2.0.0(fastestsmallesttextencoderdecoder@1.0.22)(typescript@5.7.3)
      '@solana/transactions': 2.0.0(fastestsmallesttextencoderdecoder@1.0.22)(typescript@5.7.3)
      typescript: 5.7.3
    transitivePeerDependencies:
      - fastestsmallesttextencoderdecoder
      - ws

  '@solana/transaction-messages@2.0.0(fastestsmallesttextencoderdecoder@1.0.22)(typescript@5.7.3)':
    dependencies:
      '@solana/addresses': 2.0.0(fastestsmallesttextencoderdecoder@1.0.22)(typescript@5.7.3)
      '@solana/codecs-core': 2.0.0(typescript@5.7.3)
      '@solana/codecs-data-structures': 2.0.0(typescript@5.7.3)
      '@solana/codecs-numbers': 2.0.0(typescript@5.7.3)
      '@solana/errors': 2.0.0(typescript@5.7.3)
      '@solana/functional': 2.0.0(typescript@5.7.3)
      '@solana/instructions': 2.0.0(typescript@5.7.3)
      '@solana/rpc-types': 2.0.0(fastestsmallesttextencoderdecoder@1.0.22)(typescript@5.7.3)
      typescript: 5.7.3
    transitivePeerDependencies:
      - fastestsmallesttextencoderdecoder

  '@solana/transactions@2.0.0(fastestsmallesttextencoderdecoder@1.0.22)(typescript@5.7.3)':
    dependencies:
      '@solana/addresses': 2.0.0(fastestsmallesttextencoderdecoder@1.0.22)(typescript@5.7.3)
      '@solana/codecs-core': 2.0.0(typescript@5.7.3)
      '@solana/codecs-data-structures': 2.0.0(typescript@5.7.3)
      '@solana/codecs-numbers': 2.0.0(typescript@5.7.3)
      '@solana/codecs-strings': 2.0.0(fastestsmallesttextencoderdecoder@1.0.22)(typescript@5.7.3)
      '@solana/errors': 2.0.0(typescript@5.7.3)
      '@solana/functional': 2.0.0(typescript@5.7.3)
      '@solana/instructions': 2.0.0(typescript@5.7.3)
      '@solana/keys': 2.0.0(fastestsmallesttextencoderdecoder@1.0.22)(typescript@5.7.3)
      '@solana/rpc-types': 2.0.0(fastestsmallesttextencoderdecoder@1.0.22)(typescript@5.7.3)
      '@solana/transaction-messages': 2.0.0(fastestsmallesttextencoderdecoder@1.0.22)(typescript@5.7.3)
      typescript: 5.7.3
    transitivePeerDependencies:
      - fastestsmallesttextencoderdecoder

  '@solana/web3.js@2.0.0(fastestsmallesttextencoderdecoder@1.0.22)(typescript@5.7.3)(ws@8.18.0)':
    dependencies:
      '@solana/accounts': 2.0.0(fastestsmallesttextencoderdecoder@1.0.22)(typescript@5.7.3)
      '@solana/addresses': 2.0.0(fastestsmallesttextencoderdecoder@1.0.22)(typescript@5.7.3)
      '@solana/codecs': 2.0.0(fastestsmallesttextencoderdecoder@1.0.22)(typescript@5.7.3)
      '@solana/errors': 2.0.0(typescript@5.7.3)
      '@solana/functional': 2.0.0(typescript@5.7.3)
      '@solana/instructions': 2.0.0(typescript@5.7.3)
      '@solana/keys': 2.0.0(fastestsmallesttextencoderdecoder@1.0.22)(typescript@5.7.3)
      '@solana/programs': 2.0.0(fastestsmallesttextencoderdecoder@1.0.22)(typescript@5.7.3)
      '@solana/rpc': 2.0.0(fastestsmallesttextencoderdecoder@1.0.22)(typescript@5.7.3)
      '@solana/rpc-parsed-types': 2.0.0(typescript@5.7.3)
      '@solana/rpc-spec-types': 2.0.0(typescript@5.7.3)
      '@solana/rpc-subscriptions': 2.0.0(fastestsmallesttextencoderdecoder@1.0.22)(typescript@5.7.3)(ws@8.18.0)
      '@solana/rpc-types': 2.0.0(fastestsmallesttextencoderdecoder@1.0.22)(typescript@5.7.3)
      '@solana/signers': 2.0.0(fastestsmallesttextencoderdecoder@1.0.22)(typescript@5.7.3)
      '@solana/sysvars': 2.0.0(fastestsmallesttextencoderdecoder@1.0.22)(typescript@5.7.3)
      '@solana/transaction-confirmation': 2.0.0(fastestsmallesttextencoderdecoder@1.0.22)(typescript@5.7.3)(ws@8.18.0)
      '@solana/transaction-messages': 2.0.0(fastestsmallesttextencoderdecoder@1.0.22)(typescript@5.7.3)
      '@solana/transactions': 2.0.0(fastestsmallesttextencoderdecoder@1.0.22)(typescript@5.7.3)
      typescript: 5.7.3
    transitivePeerDependencies:
      - fastestsmallesttextencoderdecoder
      - ws

  asynckit@0.4.0: {}

  axios@1.7.9:
    dependencies:
      follow-redirects: 1.15.9
      form-data: 4.0.1
      proxy-from-env: 1.1.0
    transitivePeerDependencies:
      - debug

  chalk@5.4.1: {}

  combined-stream@1.0.8:
    dependencies:
      delayed-stream: 1.0.0

  commander@12.1.0: {}

  delayed-stream@1.0.0: {}

  fastestsmallesttextencoderdecoder@1.0.22: {}

  follow-redirects@1.15.9: {}

  form-data@4.0.1:
    dependencies:
      asynckit: 0.4.0
      combined-stream: 1.0.8
      mime-types: 2.1.35

  mime-db@1.52.0: {}

  mime-types@2.1.35:
    dependencies:
      mime-db: 1.52.0

  proxy-from-env@1.1.0: {}

  typescript@5.7.3: {}

  undici-types@6.21.0: {}

  ws@8.18.0: {}
